
Microsoft Visual Studio Solution File, Format Version 12.00
# Visual Studio Version 17
VisualStudioVersion = 17.0.31903.59
MinimumVisualStudioVersion = 10.0.40219.1
Project("{2150E333-8FDC-42A3-9474-1A3956D46DE8}") = "src", "src", "{827E0CD3-B72D-47B6-A68D-7590B98EB39B}"
EndProject
Project("{2150E333-8FDC-42A3-9474-1A3956D46DE8}") = "Aspire", "Aspire", "{52BF7FB6-37FF-5100-EFD1-124EFF302675}"
EndProject
Project("{FAE04EC0-301F-11D3-BF4B-00C04F79EFBC}") = "CrownCommerce.ServiceDefaults", "src\Aspire\CrownCommerce.ServiceDefaults\CrownCommerce.ServiceDefaults.csproj", "{59D2B2B4-DC17-4D5A-8B71-1C77D0B06610}"
EndProject
Project("{FAE04EC0-301F-11D3-BF4B-00C04F79EFBC}") = "CrownCommerce.AppHost", "src\Aspire\CrownCommerce.AppHost\CrownCommerce.AppHost.csproj", "{6691A00D-A946-48F4-B3F8-E68F3C7F92BF}"
EndProject
Project("{FAE04EC0-301F-11D3-BF4B-00C04F79EFBC}") = "CrownCommerce.ApiGateway", "src\Gateway\CrownCommerce.ApiGateway\CrownCommerce.ApiGateway.csproj", "{16ED7090-1086-464A-99B5-5BE1160FA13F}"
EndProject
Project("{FAE04EC0-301F-11D3-BF4B-00C04F79EFBC}") = "CrownCommerce.Shared.Contracts", "src\Shared\CrownCommerce.Shared.Contracts\CrownCommerce.Shared.Contracts.csproj", "{2656F3D6-6444-45DE-A82B-4DD294BC53EA}"
EndProject
Project("{FAE04EC0-301F-11D3-BF4B-00C04F79EFBC}") = "CrownCommerce.Catalog.Core", "src\Services\Catalog\CrownCommerce.Catalog.Core\CrownCommerce.Catalog.Core.csproj", "{5CA0E50B-1D7B-4537-9367-8A70AC37F9D3}"
EndProject
Project("{FAE04EC0-301F-11D3-BF4B-00C04F79EFBC}") = "CrownCommerce.Catalog.Infrastructure", "src\Services\Catalog\CrownCommerce.Catalog.Infrastructure\CrownCommerce.Catalog.Infrastructure.csproj", "{88C8C524-83B8-4092-B9A8-B65A8208C61E}"
EndProject
Project("{FAE04EC0-301F-11D3-BF4B-00C04F79EFBC}") = "CrownCommerce.Catalog.Application", "src\Services\Catalog\CrownCommerce.Catalog.Application\CrownCommerce.Catalog.Application.csproj", "{B4444894-C988-4906-82BF-82F6A0B8F0E3}"
EndProject
Project("{FAE04EC0-301F-11D3-BF4B-00C04F79EFBC}") = "CrownCommerce.Catalog.Api", "src\Services\Catalog\CrownCommerce.Catalog.Api\CrownCommerce.Catalog.Api.csproj", "{8A726F17-5F74-471C-ACEA-C684A1064574}"
EndProject
Project("{FAE04EC0-301F-11D3-BF4B-00C04F79EFBC}") = "CrownCommerce.Inquiry.Core", "src\Services\Inquiry\CrownCommerce.Inquiry.Core\CrownCommerce.Inquiry.Core.csproj", "{6A3ACE8A-2971-4499-9E34-867537280D02}"
EndProject
Project("{FAE04EC0-301F-11D3-BF4B-00C04F79EFBC}") = "CrownCommerce.Inquiry.Infrastructure", "src\Services\Inquiry\CrownCommerce.Inquiry.Infrastructure\CrownCommerce.Inquiry.Infrastructure.csproj", "{45A14C8E-11A5-4610-AF38-650249C3B290}"
EndProject
Project("{FAE04EC0-301F-11D3-BF4B-00C04F79EFBC}") = "CrownCommerce.Inquiry.Application", "src\Services\Inquiry\CrownCommerce.Inquiry.Application\CrownCommerce.Inquiry.Application.csproj", "{E2972C50-A0C6-4361-8743-7752941521B4}"
EndProject
Project("{FAE04EC0-301F-11D3-BF4B-00C04F79EFBC}") = "CrownCommerce.Inquiry.Api", "src\Services\Inquiry\CrownCommerce.Inquiry.Api\CrownCommerce.Inquiry.Api.csproj", "{FF7CB3DA-9066-4703-8A4E-FCAD8A1C5BDD}"
EndProject
Project("{2150E333-8FDC-42A3-9474-1A3956D46DE8}") = "Services", "Services", "{984BB9B3-3FA3-BE33-9484-CAC21695A33C}"
EndProject
Project("{2150E333-8FDC-42A3-9474-1A3956D46DE8}") = "Order", "Order", "{B851199A-4979-E597-3D50-97AC5992BBAF}"
EndProject
Project("{FAE04EC0-301F-11D3-BF4B-00C04F79EFBC}") = "CrownCommerce.Order.Core", "src\Services\Order\CrownCommerce.Order.Core\CrownCommerce.Order.Core.csproj", "{10920817-C7F9-4E75-B139-FF706FCE3DF2}"
EndProject
Project("{FAE04EC0-301F-11D3-BF4B-00C04F79EFBC}") = "CrownCommerce.Order.Infrastructure", "src\Services\Order\CrownCommerce.Order.Infrastructure\CrownCommerce.Order.Infrastructure.csproj", "{FAD6F0EE-395D-4FE3-A92B-CBEA3FAE4B23}"
EndProject
Project("{FAE04EC0-301F-11D3-BF4B-00C04F79EFBC}") = "CrownCommerce.Order.Application", "src\Services\Order\CrownCommerce.Order.Application\CrownCommerce.Order.Application.csproj", "{83F831F3-2ACA-420F-A456-5F8FFD747E89}"
EndProject
Project("{FAE04EC0-301F-11D3-BF4B-00C04F79EFBC}") = "CrownCommerce.Order.Api", "src\Services\Order\CrownCommerce.Order.Api\CrownCommerce.Order.Api.csproj", "{C9C9D6A5-DB5F-490F-84B6-7E0A94C57D41}"
EndProject
Project("{FAE04EC0-301F-11D3-BF4B-00C04F79EFBC}") = "CrownCommerce.Payment.Core", "src\Services\Payment\CrownCommerce.Payment.Core\CrownCommerce.Payment.Core.csproj", "{82EB9B49-C40A-4AA9-A8BF-86F35FE5E71D}"
EndProject
Project("{FAE04EC0-301F-11D3-BF4B-00C04F79EFBC}") = "CrownCommerce.Payment.Infrastructure", "src\Services\Payment\CrownCommerce.Payment.Infrastructure\CrownCommerce.Payment.Infrastructure.csproj", "{2FC58F99-D6D4-4882-A316-9C946F3E3EC4}"
EndProject
Project("{FAE04EC0-301F-11D3-BF4B-00C04F79EFBC}") = "CrownCommerce.Payment.Application", "src\Services\Payment\CrownCommerce.Payment.Application\CrownCommerce.Payment.Application.csproj", "{35D0BAE1-1688-4FC6-8025-A3B98F071943}"
EndProject
Project("{FAE04EC0-301F-11D3-BF4B-00C04F79EFBC}") = "CrownCommerce.Payment.Api", "src\Services\Payment\CrownCommerce.Payment.Api\CrownCommerce.Payment.Api.csproj", "{EEC38EE8-B109-44AA-8E57-F08F609A3037}"
EndProject
Project("{FAE04EC0-301F-11D3-BF4B-00C04F79EFBC}") = "CrownCommerce.Content.Core", "src\Services\Content\CrownCommerce.Content.Core\CrownCommerce.Content.Core.csproj", "{1900316F-4D41-447F-AC5F-9E1D6DB52C47}"
EndProject
Project("{FAE04EC0-301F-11D3-BF4B-00C04F79EFBC}") = "CrownCommerce.Content.Infrastructure", "src\Services\Content\CrownCommerce.Content.Infrastructure\CrownCommerce.Content.Infrastructure.csproj", "{6AF26C66-F59B-4AB3-A43F-64C073A0F477}"
EndProject
Project("{FAE04EC0-301F-11D3-BF4B-00C04F79EFBC}") = "CrownCommerce.Content.Application", "src\Services\Content\CrownCommerce.Content.Application\CrownCommerce.Content.Application.csproj", "{01D575BE-4A1F-4719-9918-FC0993CF33E6}"
EndProject
Project("{FAE04EC0-301F-11D3-BF4B-00C04F79EFBC}") = "CrownCommerce.Content.Api", "src\Services\Content\CrownCommerce.Content.Api\CrownCommerce.Content.Api.csproj", "{EC6B0534-A88D-4CE5-BEB4-D8D4BABCB5F9}"
EndProject
Project("{FAE04EC0-301F-11D3-BF4B-00C04F79EFBC}") = "CrownCommerce.Notification.Core", "src\Services\Notification\CrownCommerce.Notification.Core\CrownCommerce.Notification.Core.csproj", "{49BBF607-70E5-4F07-A6F1-E09C98A77665}"
EndProject
Project("{FAE04EC0-301F-11D3-BF4B-00C04F79EFBC}") = "CrownCommerce.Notification.Infrastructure", "src\Services\Notification\CrownCommerce.Notification.Infrastructure\CrownCommerce.Notification.Infrastructure.csproj", "{043F4A5A-4FAF-426D-BD89-0BAFA519113E}"
EndProject
Project("{FAE04EC0-301F-11D3-BF4B-00C04F79EFBC}") = "CrownCommerce.Notification.Application", "src\Services\Notification\CrownCommerce.Notification.Application\CrownCommerce.Notification.Application.csproj", "{C69ADD44-6605-4F0D-9748-17B526483621}"
EndProject
Project("{FAE04EC0-301F-11D3-BF4B-00C04F79EFBC}") = "CrownCommerce.Notification.Api", "src\Services\Notification\CrownCommerce.Notification.Api\CrownCommerce.Notification.Api.csproj", "{2B938FD2-1A65-44EC-BFC5-7C825E3B670B}"
EndProject
Project("{FAE04EC0-301F-11D3-BF4B-00C04F79EFBC}") = "CrownCommerce.Identity.Core", "src\Services\Identity\CrownCommerce.Identity.Core\CrownCommerce.Identity.Core.csproj", "{DBFD0E9B-7750-4495-80CE-0385884B7646}"
EndProject
Project("{FAE04EC0-301F-11D3-BF4B-00C04F79EFBC}") = "CrownCommerce.Identity.Infrastructure", "src\Services\Identity\CrownCommerce.Identity.Infrastructure\CrownCommerce.Identity.Infrastructure.csproj", "{D804A6EF-7B78-4FAB-9C51-940F0C05755A}"
EndProject
Project("{FAE04EC0-301F-11D3-BF4B-00C04F79EFBC}") = "CrownCommerce.Identity.Application", "src\Services\Identity\CrownCommerce.Identity.Application\CrownCommerce.Identity.Application.csproj", "{A4A073E9-462A-4882-AEC0-FEEBC6FE0FA2}"
EndProject
Project("{FAE04EC0-301F-11D3-BF4B-00C04F79EFBC}") = "CrownCommerce.Identity.Api", "src\Services\Identity\CrownCommerce.Identity.Api\CrownCommerce.Identity.Api.csproj", "{EEDB50C3-BBA1-4A30-BDBE-5E91BF5555E9}"
EndProject
Project("{2150E333-8FDC-42A3-9474-1A3956D46DE8}") = "Chat", "Chat", "{2BBB9C17-E68D-4DF0-859D-D6C60C4339F3}"
EndProject
Project("{FAE04EC0-301F-11D3-BF4B-00C04F79EFBC}") = "CrownCommerce.Chat.Core", "src\Services\Chat\CrownCommerce.Chat.Core\CrownCommerce.Chat.Core.csproj", "{32E45795-42B7-4B3D-8647-B14229599E32}"
EndProject
Project("{FAE04EC0-301F-11D3-BF4B-00C04F79EFBC}") = "CrownCommerce.Chat.Infrastructure", "src\Services\Chat\CrownCommerce.Chat.Infrastructure\CrownCommerce.Chat.Infrastructure.csproj", "{A9051CB2-CDE4-473C-B27E-331790BF2675}"
EndProject
Project("{FAE04EC0-301F-11D3-BF4B-00C04F79EFBC}") = "CrownCommerce.Chat.Application", "src\Services\Chat\CrownCommerce.Chat.Application\CrownCommerce.Chat.Application.csproj", "{4E120D1F-B436-4E7D-AF3F-F47B7BB3A59C}"
EndProject
Project("{FAE04EC0-301F-11D3-BF4B-00C04F79EFBC}") = "CrownCommerce.Chat.Api", "src\Services\Chat\CrownCommerce.Chat.Api\CrownCommerce.Chat.Api.csproj", "{99AC50A8-4F73-4592-9FD4-DE9DC741E1B7}"
EndProject
Project("{2150E333-8FDC-42A3-9474-1A3956D46DE8}") = "Newsletter", "Newsletter", "{A1B2C3D4-E5F6-7890-ABCD-EF1234567890}"
EndProject
Project("{FAE04EC0-301F-11D3-BF4B-00C04F79EFBC}") = "CrownCommerce.Newsletter.Core", "src\Services\Newsletter\CrownCommerce.Newsletter.Core\CrownCommerce.Newsletter.Core.csproj", "{B1C2D3E4-F5A6-7890-BCDE-F12345678901}"
EndProject
Project("{FAE04EC0-301F-11D3-BF4B-00C04F79EFBC}") = "CrownCommerce.Newsletter.Infrastructure", "src\Services\Newsletter\CrownCommerce.Newsletter.Infrastructure\CrownCommerce.Newsletter.Infrastructure.csproj", "{C1D2E3F4-A5B6-7890-CDEF-123456789012}"
EndProject
Project("{FAE04EC0-301F-11D3-BF4B-00C04F79EFBC}") = "CrownCommerce.Newsletter.Application", "src\Services\Newsletter\CrownCommerce.Newsletter.Application\CrownCommerce.Newsletter.Application.csproj", "{D1E2F3A4-B5C6-7890-DEFA-234567890123}"
EndProject
Project("{FAE04EC0-301F-11D3-BF4B-00C04F79EFBC}") = "CrownCommerce.Newsletter.Api", "src\Services\Newsletter\CrownCommerce.Newsletter.Api\CrownCommerce.Newsletter.Api.csproj", "{E1F2A3B4-C5D6-7890-EFAB-345678901234}"
EndProject
Project("{2150E333-8FDC-42A3-9474-1A3956D46DE8}") = "Crm", "Crm", "{09EC67AA-AF85-0612-8B26-889B2EB14B9B}"
EndProject
Project("{FAE04EC0-301F-11D3-BF4B-00C04F79EFBC}") = "CrownCommerce.Crm.Core", "src\Services\Crm\CrownCommerce.Crm.Core\CrownCommerce.Crm.Core.csproj", "{C997120B-6DAA-4CB2-93EA-640F15575837}"
EndProject
Project("{FAE04EC0-301F-11D3-BF4B-00C04F79EFBC}") = "CrownCommerce.Crm.Infrastructure", "src\Services\Crm\CrownCommerce.Crm.Infrastructure\CrownCommerce.Crm.Infrastructure.csproj", "{94C107B1-EBC9-458F-829F-EF78DEA61E98}"
EndProject
Project("{FAE04EC0-301F-11D3-BF4B-00C04F79EFBC}") = "CrownCommerce.Crm.Application", "src\Services\Crm\CrownCommerce.Crm.Application\CrownCommerce.Crm.Application.csproj", "{22E6E8E9-9FF7-4D86-A17E-A21AD30DB775}"
EndProject
Project("{FAE04EC0-301F-11D3-BF4B-00C04F79EFBC}") = "CrownCommerce.Crm.Api", "src\Services\Crm\CrownCommerce.Crm.Api\CrownCommerce.Crm.Api.csproj", "{2F61699A-5B26-4FA8-8A94-D613031CF923}"
EndProject
Global
	GlobalSection(SolutionConfigurationPlatforms) = preSolution
		Debug|Any CPU = Debug|Any CPU
		Debug|x64 = Debug|x64
		Debug|x86 = Debug|x86
		Release|Any CPU = Release|Any CPU
		Release|x64 = Release|x64
		Release|x86 = Release|x86
	EndGlobalSection
	GlobalSection(ProjectConfigurationPlatforms) = postSolution
		{59D2B2B4-DC17-4D5A-8B71-1C77D0B06610}.Debug|Any CPU.ActiveCfg = Debug|Any CPU
		{59D2B2B4-DC17-4D5A-8B71-1C77D0B06610}.Debug|Any CPU.Build.0 = Debug|Any CPU
		{59D2B2B4-DC17-4D5A-8B71-1C77D0B06610}.Debug|x64.ActiveCfg = Debug|Any CPU
		{59D2B2B4-DC17-4D5A-8B71-1C77D0B06610}.Debug|x64.Build.0 = Debug|Any CPU
		{59D2B2B4-DC17-4D5A-8B71-1C77D0B06610}.Debug|x86.ActiveCfg = Debug|Any CPU
		{59D2B2B4-DC17-4D5A-8B71-1C77D0B06610}.Debug|x86.Build.0 = Debug|Any CPU
		{59D2B2B4-DC17-4D5A-8B71-1C77D0B06610}.Release|Any CPU.ActiveCfg = Release|Any CPU
		{59D2B2B4-DC17-4D5A-8B71-1C77D0B06610}.Release|Any CPU.Build.0 = Release|Any CPU
		{59D2B2B4-DC17-4D5A-8B71-1C77D0B06610}.Release|x64.ActiveCfg = Release|Any CPU
		{59D2B2B4-DC17-4D5A-8B71-1C77D0B06610}.Release|x64.Build.0 = Release|Any CPU
		{59D2B2B4-DC17-4D5A-8B71-1C77D0B06610}.Release|x86.ActiveCfg = Release|Any CPU
		{59D2B2B4-DC17-4D5A-8B71-1C77D0B06610}.Release|x86.Build.0 = Release|Any CPU
		{6691A00D-A946-48F4-B3F8-E68F3C7F92BF}.Debug|Any CPU.ActiveCfg = Debug|Any CPU
		{6691A00D-A946-48F4-B3F8-E68F3C7F92BF}.Debug|Any CPU.Build.0 = Debug|Any CPU
		{6691A00D-A946-48F4-B3F8-E68F3C7F92BF}.Debug|x64.ActiveCfg = Debug|Any CPU
		{6691A00D-A946-48F4-B3F8-E68F3C7F92BF}.Debug|x64.Build.0 = Debug|Any CPU
		{6691A00D-A946-48F4-B3F8-E68F3C7F92BF}.Debug|x86.ActiveCfg = Debug|Any CPU
		{6691A00D-A946-48F4-B3F8-E68F3C7F92BF}.Debug|x86.Build.0 = Debug|Any CPU
		{6691A00D-A946-48F4-B3F8-E68F3C7F92BF}.Release|Any CPU.ActiveCfg = Release|Any CPU
		{6691A00D-A946-48F4-B3F8-E68F3C7F92BF}.Release|Any CPU.Build.0 = Release|Any CPU
		{6691A00D-A946-48F4-B3F8-E68F3C7F92BF}.Release|x64.ActiveCfg = Release|Any CPU
		{6691A00D-A946-48F4-B3F8-E68F3C7F92BF}.Release|x64.Build.0 = Release|Any CPU
		{6691A00D-A946-48F4-B3F8-E68F3C7F92BF}.Release|x86.ActiveCfg = Release|Any CPU
		{6691A00D-A946-48F4-B3F8-E68F3C7F92BF}.Release|x86.Build.0 = Release|Any CPU
		{16ED7090-1086-464A-99B5-5BE1160FA13F}.Debug|Any CPU.ActiveCfg = Debug|Any CPU
		{16ED7090-1086-464A-99B5-5BE1160FA13F}.Debug|Any CPU.Build.0 = Debug|Any CPU
		{16ED7090-1086-464A-99B5-5BE1160FA13F}.Debug|x64.ActiveCfg = Debug|Any CPU
		{16ED7090-1086-464A-99B5-5BE1160FA13F}.Debug|x64.Build.0 = Debug|Any CPU
		{16ED7090-1086-464A-99B5-5BE1160FA13F}.Debug|x86.ActiveCfg = Debug|Any CPU
		{16ED7090-1086-464A-99B5-5BE1160FA13F}.Debug|x86.Build.0 = Debug|Any CPU
		{16ED7090-1086-464A-99B5-5BE1160FA13F}.Release|Any CPU.ActiveCfg = Release|Any CPU
		{16ED7090-1086-464A-99B5-5BE1160FA13F}.Release|Any CPU.Build.0 = Release|Any CPU
		{16ED7090-1086-464A-99B5-5BE1160FA13F}.Release|x64.ActiveCfg = Release|Any CPU
		{16ED7090-1086-464A-99B5-5BE1160FA13F}.Release|x64.Build.0 = Release|Any CPU
		{16ED7090-1086-464A-99B5-5BE1160FA13F}.Release|x86.ActiveCfg = Release|Any CPU
		{16ED7090-1086-464A-99B5-5BE1160FA13F}.Release|x86.Build.0 = Release|Any CPU
		{2656F3D6-6444-45DE-A82B-4DD294BC53EA}.Debug|Any CPU.ActiveCfg = Debug|Any CPU
		{2656F3D6-6444-45DE-A82B-4DD294BC53EA}.Debug|Any CPU.Build.0 = Debug|Any CPU
		{2656F3D6-6444-45DE-A82B-4DD294BC53EA}.Debug|x64.ActiveCfg = Debug|Any CPU
		{2656F3D6-6444-45DE-A82B-4DD294BC53EA}.Debug|x64.Build.0 = Debug|Any CPU
		{2656F3D6-6444-45DE-A82B-4DD294BC53EA}.Debug|x86.ActiveCfg = Debug|Any CPU
		{2656F3D6-6444-45DE-A82B-4DD294BC53EA}.Debug|x86.Build.0 = Debug|Any CPU
		{2656F3D6-6444-45DE-A82B-4DD294BC53EA}.Release|Any CPU.ActiveCfg = Release|Any CPU
		{2656F3D6-6444-45DE-A82B-4DD294BC53EA}.Release|Any CPU.Build.0 = Release|Any CPU
		{2656F3D6-6444-45DE-A82B-4DD294BC53EA}.Release|x64.ActiveCfg = Release|Any CPU
		{2656F3D6-6444-45DE-A82B-4DD294BC53EA}.Release|x64.Build.0 = Release|Any CPU
		{2656F3D6-6444-45DE-A82B-4DD294BC53EA}.Release|x86.ActiveCfg = Release|Any CPU
		{2656F3D6-6444-45DE-A82B-4DD294BC53EA}.Release|x86.Build.0 = Release|Any CPU
		{5CA0E50B-1D7B-4537-9367-8A70AC37F9D3}.Debug|Any CPU.ActiveCfg = Debug|Any CPU
		{5CA0E50B-1D7B-4537-9367-8A70AC37F9D3}.Debug|Any CPU.Build.0 = Debug|Any CPU
		{5CA0E50B-1D7B-4537-9367-8A70AC37F9D3}.Debug|x64.ActiveCfg = Debug|Any CPU
		{5CA0E50B-1D7B-4537-9367-8A70AC37F9D3}.Debug|x64.Build.0 = Debug|Any CPU
		{5CA0E50B-1D7B-4537-9367-8A70AC37F9D3}.Debug|x86.ActiveCfg = Debug|Any CPU
		{5CA0E50B-1D7B-4537-9367-8A70AC37F9D3}.Debug|x86.Build.0 = Debug|Any CPU
		{5CA0E50B-1D7B-4537-9367-8A70AC37F9D3}.Release|Any CPU.ActiveCfg = Release|Any CPU
		{5CA0E50B-1D7B-4537-9367-8A70AC37F9D3}.Release|Any CPU.Build.0 = Release|Any CPU
		{5CA0E50B-1D7B-4537-9367-8A70AC37F9D3}.Release|x64.ActiveCfg = Release|Any CPU
		{5CA0E50B-1D7B-4537-9367-8A70AC37F9D3}.Release|x64.Build.0 = Release|Any CPU
		{5CA0E50B-1D7B-4537-9367-8A70AC37F9D3}.Release|x86.ActiveCfg = Release|Any CPU
		{5CA0E50B-1D7B-4537-9367-8A70AC37F9D3}.Release|x86.Build.0 = Release|Any CPU
		{88C8C524-83B8-4092-B9A8-B65A8208C61E}.Debug|Any CPU.ActiveCfg = Debug|Any CPU
		{88C8C524-83B8-4092-B9A8-B65A8208C61E}.Debug|Any CPU.Build.0 = Debug|Any CPU
		{88C8C524-83B8-4092-B9A8-B65A8208C61E}.Debug|x64.ActiveCfg = Debug|Any CPU
		{88C8C524-83B8-4092-B9A8-B65A8208C61E}.Debug|x64.Build.0 = Debug|Any CPU
		{88C8C524-83B8-4092-B9A8-B65A8208C61E}.Debug|x86.ActiveCfg = Debug|Any CPU
		{88C8C524-83B8-4092-B9A8-B65A8208C61E}.Debug|x86.Build.0 = Debug|Any CPU
		{88C8C524-83B8-4092-B9A8-B65A8208C61E}.Release|Any CPU.ActiveCfg = Release|Any CPU
		{88C8C524-83B8-4092-B9A8-B65A8208C61E}.Release|Any CPU.Build.0 = Release|Any CPU
		{88C8C524-83B8-4092-B9A8-B65A8208C61E}.Release|x64.ActiveCfg = Release|Any CPU
		{88C8C524-83B8-4092-B9A8-B65A8208C61E}.Release|x64.Build.0 = Release|Any CPU
		{88C8C524-83B8-4092-B9A8-B65A8208C61E}.Release|x86.ActiveCfg = Release|Any CPU
		{88C8C524-83B8-4092-B9A8-B65A8208C61E}.Release|x86.Build.0 = Release|Any CPU
		{B4444894-C988-4906-82BF-82F6A0B8F0E3}.Debug|Any CPU.ActiveCfg = Debug|Any CPU
		{B4444894-C988-4906-82BF-82F6A0B8F0E3}.Debug|Any CPU.Build.0 = Debug|Any CPU
		{B4444894-C988-4906-82BF-82F6A0B8F0E3}.Debug|x64.ActiveCfg = Debug|Any CPU
		{B4444894-C988-4906-82BF-82F6A0B8F0E3}.Debug|x64.Build.0 = Debug|Any CPU
		{B4444894-C988-4906-82BF-82F6A0B8F0E3}.Debug|x86.ActiveCfg = Debug|Any CPU
		{B4444894-C988-4906-82BF-82F6A0B8F0E3}.Debug|x86.Build.0 = Debug|Any CPU
		{B4444894-C988-4906-82BF-82F6A0B8F0E3}.Release|Any CPU.ActiveCfg = Release|Any CPU
		{B4444894-C988-4906-82BF-82F6A0B8F0E3}.Release|Any CPU.Build.0 = Release|Any CPU
		{B4444894-C988-4906-82BF-82F6A0B8F0E3}.Release|x64.ActiveCfg = Release|Any CPU
		{B4444894-C988-4906-82BF-82F6A0B8F0E3}.Release|x64.Build.0 = Release|Any CPU
		{B4444894-C988-4906-82BF-82F6A0B8F0E3}.Release|x86.ActiveCfg = Release|Any CPU
		{B4444894-C988-4906-82BF-82F6A0B8F0E3}.Release|x86.Build.0 = Release|Any CPU
		{8A726F17-5F74-471C-ACEA-C684A1064574}.Debug|Any CPU.ActiveCfg = Debug|Any CPU
		{8A726F17-5F74-471C-ACEA-C684A1064574}.Debug|Any CPU.Build.0 = Debug|Any CPU
		{8A726F17-5F74-471C-ACEA-C684A1064574}.Debug|x64.ActiveCfg = Debug|Any CPU
		{8A726F17-5F74-471C-ACEA-C684A1064574}.Debug|x64.Build.0 = Debug|Any CPU
		{8A726F17-5F74-471C-ACEA-C684A1064574}.Debug|x86.ActiveCfg = Debug|Any CPU
		{8A726F17-5F74-471C-ACEA-C684A1064574}.Debug|x86.Build.0 = Debug|Any CPU
		{8A726F17-5F74-471C-ACEA-C684A1064574}.Release|Any CPU.ActiveCfg = Release|Any CPU
		{8A726F17-5F74-471C-ACEA-C684A1064574}.Release|Any CPU.Build.0 = Release|Any CPU
		{8A726F17-5F74-471C-ACEA-C684A1064574}.Release|x64.ActiveCfg = Release|Any CPU
		{8A726F17-5F74-471C-ACEA-C684A1064574}.Release|x64.Build.0 = Release|Any CPU
		{8A726F17-5F74-471C-ACEA-C684A1064574}.Release|x86.ActiveCfg = Release|Any CPU
		{8A726F17-5F74-471C-ACEA-C684A1064574}.Release|x86.Build.0 = Release|Any CPU
		{6A3ACE8A-2971-4499-9E34-867537280D02}.Debug|Any CPU.ActiveCfg = Debug|Any CPU
		{6A3ACE8A-2971-4499-9E34-867537280D02}.Debug|Any CPU.Build.0 = Debug|Any CPU
		{6A3ACE8A-2971-4499-9E34-867537280D02}.Debug|x64.ActiveCfg = Debug|Any CPU
		{6A3ACE8A-2971-4499-9E34-867537280D02}.Debug|x64.Build.0 = Debug|Any CPU
		{6A3ACE8A-2971-4499-9E34-867537280D02}.Debug|x86.ActiveCfg = Debug|Any CPU
		{6A3ACE8A-2971-4499-9E34-867537280D02}.Debug|x86.Build.0 = Debug|Any CPU
		{6A3ACE8A-2971-4499-9E34-867537280D02}.Release|Any CPU.ActiveCfg = Release|Any CPU
		{6A3ACE8A-2971-4499-9E34-867537280D02}.Release|Any CPU.Build.0 = Release|Any CPU
		{6A3ACE8A-2971-4499-9E34-867537280D02}.Release|x64.ActiveCfg = Release|Any CPU
		{6A3ACE8A-2971-4499-9E34-867537280D02}.Release|x64.Build.0 = Release|Any CPU
		{6A3ACE8A-2971-4499-9E34-867537280D02}.Release|x86.ActiveCfg = Release|Any CPU
		{6A3ACE8A-2971-4499-9E34-867537280D02}.Release|x86.Build.0 = Release|Any CPU
		{45A14C8E-11A5-4610-AF38-650249C3B290}.Debug|Any CPU.ActiveCfg = Debug|Any CPU
		{45A14C8E-11A5-4610-AF38-650249C3B290}.Debug|Any CPU.Build.0 = Debug|Any CPU
		{45A14C8E-11A5-4610-AF38-650249C3B290}.Debug|x64.ActiveCfg = Debug|Any CPU
		{45A14C8E-11A5-4610-AF38-650249C3B290}.Debug|x64.Build.0 = Debug|Any CPU
		{45A14C8E-11A5-4610-AF38-650249C3B290}.Debug|x86.ActiveCfg = Debug|Any CPU
		{45A14C8E-11A5-4610-AF38-650249C3B290}.Debug|x86.Build.0 = Debug|Any CPU
		{45A14C8E-11A5-4610-AF38-650249C3B290}.Release|Any CPU.ActiveCfg = Release|Any CPU
		{45A14C8E-11A5-4610-AF38-650249C3B290}.Release|Any CPU.Build.0 = Release|Any CPU
		{45A14C8E-11A5-4610-AF38-650249C3B290}.Release|x64.ActiveCfg = Release|Any CPU
		{45A14C8E-11A5-4610-AF38-650249C3B290}.Release|x64.Build.0 = Release|Any CPU
		{45A14C8E-11A5-4610-AF38-650249C3B290}.Release|x86.ActiveCfg = Release|Any CPU
		{45A14C8E-11A5-4610-AF38-650249C3B290}.Release|x86.Build.0 = Release|Any CPU
		{E2972C50-A0C6-4361-8743-7752941521B4}.Debug|Any CPU.ActiveCfg = Debug|Any CPU
		{E2972C50-A0C6-4361-8743-7752941521B4}.Debug|Any CPU.Build.0 = Debug|Any CPU
		{E2972C50-A0C6-4361-8743-7752941521B4}.Debug|x64.ActiveCfg = Debug|Any CPU
		{E2972C50-A0C6-4361-8743-7752941521B4}.Debug|x64.Build.0 = Debug|Any CPU
		{E2972C50-A0C6-4361-8743-7752941521B4}.Debug|x86.ActiveCfg = Debug|Any CPU
		{E2972C50-A0C6-4361-8743-7752941521B4}.Debug|x86.Build.0 = Debug|Any CPU
		{E2972C50-A0C6-4361-8743-7752941521B4}.Release|Any CPU.ActiveCfg = Release|Any CPU
		{E2972C50-A0C6-4361-8743-7752941521B4}.Release|Any CPU.Build.0 = Release|Any CPU
		{E2972C50-A0C6-4361-8743-7752941521B4}.Release|x64.ActiveCfg = Release|Any CPU
		{E2972C50-A0C6-4361-8743-7752941521B4}.Release|x64.Build.0 = Release|Any CPU
		{E2972C50-A0C6-4361-8743-7752941521B4}.Release|x86.ActiveCfg = Release|Any CPU
		{E2972C50-A0C6-4361-8743-7752941521B4}.Release|x86.Build.0 = Release|Any CPU
		{FF7CB3DA-9066-4703-8A4E-FCAD8A1C5BDD}.Debug|Any CPU.ActiveCfg = Debug|Any CPU
		{FF7CB3DA-9066-4703-8A4E-FCAD8A1C5BDD}.Debug|Any CPU.Build.0 = Debug|Any CPU
		{FF7CB3DA-9066-4703-8A4E-FCAD8A1C5BDD}.Debug|x64.ActiveCfg = Debug|Any CPU
		{FF7CB3DA-9066-4703-8A4E-FCAD8A1C5BDD}.Debug|x64.Build.0 = Debug|Any CPU
		{FF7CB3DA-9066-4703-8A4E-FCAD8A1C5BDD}.Debug|x86.ActiveCfg = Debug|Any CPU
		{FF7CB3DA-9066-4703-8A4E-FCAD8A1C5BDD}.Debug|x86.Build.0 = Debug|Any CPU
		{FF7CB3DA-9066-4703-8A4E-FCAD8A1C5BDD}.Release|Any CPU.ActiveCfg = Release|Any CPU
		{FF7CB3DA-9066-4703-8A4E-FCAD8A1C5BDD}.Release|Any CPU.Build.0 = Release|Any CPU
		{FF7CB3DA-9066-4703-8A4E-FCAD8A1C5BDD}.Release|x64.ActiveCfg = Release|Any CPU
		{FF7CB3DA-9066-4703-8A4E-FCAD8A1C5BDD}.Release|x64.Build.0 = Release|Any CPU
		{FF7CB3DA-9066-4703-8A4E-FCAD8A1C5BDD}.Release|x86.ActiveCfg = Release|Any CPU
		{FF7CB3DA-9066-4703-8A4E-FCAD8A1C5BDD}.Release|x86.Build.0 = Release|Any CPU
		{10920817-C7F9-4E75-B139-FF706FCE3DF2}.Debug|Any CPU.ActiveCfg = Debug|Any CPU
		{10920817-C7F9-4E75-B139-FF706FCE3DF2}.Debug|Any CPU.Build.0 = Debug|Any CPU
		{10920817-C7F9-4E75-B139-FF706FCE3DF2}.Debug|x64.ActiveCfg = Debug|Any CPU
		{10920817-C7F9-4E75-B139-FF706FCE3DF2}.Debug|x64.Build.0 = Debug|Any CPU
		{10920817-C7F9-4E75-B139-FF706FCE3DF2}.Debug|x86.ActiveCfg = Debug|Any CPU
		{10920817-C7F9-4E75-B139-FF706FCE3DF2}.Debug|x86.Build.0 = Debug|Any CPU
		{10920817-C7F9-4E75-B139-FF706FCE3DF2}.Release|Any CPU.ActiveCfg = Release|Any CPU
		{10920817-C7F9-4E75-B139-FF706FCE3DF2}.Release|Any CPU.Build.0 = Release|Any CPU
		{10920817-C7F9-4E75-B139-FF706FCE3DF2}.Release|x64.ActiveCfg = Release|Any CPU
		{10920817-C7F9-4E75-B139-FF706FCE3DF2}.Release|x64.Build.0 = Release|Any CPU
		{10920817-C7F9-4E75-B139-FF706FCE3DF2}.Release|x86.ActiveCfg = Release|Any CPU
		{10920817-C7F9-4E75-B139-FF706FCE3DF2}.Release|x86.Build.0 = Release|Any CPU
		{FAD6F0EE-395D-4FE3-A92B-CBEA3FAE4B23}.Debug|Any CPU.ActiveCfg = Debug|Any CPU
		{FAD6F0EE-395D-4FE3-A92B-CBEA3FAE4B23}.Debug|Any CPU.Build.0 = Debug|Any CPU
		{FAD6F0EE-395D-4FE3-A92B-CBEA3FAE4B23}.Debug|x64.ActiveCfg = Debug|Any CPU
		{FAD6F0EE-395D-4FE3-A92B-CBEA3FAE4B23}.Debug|x64.Build.0 = Debug|Any CPU
		{FAD6F0EE-395D-4FE3-A92B-CBEA3FAE4B23}.Debug|x86.ActiveCfg = Debug|Any CPU
		{FAD6F0EE-395D-4FE3-A92B-CBEA3FAE4B23}.Debug|x86.Build.0 = Debug|Any CPU
		{FAD6F0EE-395D-4FE3-A92B-CBEA3FAE4B23}.Release|Any CPU.ActiveCfg = Release|Any CPU
		{FAD6F0EE-395D-4FE3-A92B-CBEA3FAE4B23}.Release|Any CPU.Build.0 = Release|Any CPU
		{FAD6F0EE-395D-4FE3-A92B-CBEA3FAE4B23}.Release|x64.ActiveCfg = Release|Any CPU
		{FAD6F0EE-395D-4FE3-A92B-CBEA3FAE4B23}.Release|x64.Build.0 = Release|Any CPU
		{FAD6F0EE-395D-4FE3-A92B-CBEA3FAE4B23}.Release|x86.ActiveCfg = Release|Any CPU
		{FAD6F0EE-395D-4FE3-A92B-CBEA3FAE4B23}.Release|x86.Build.0 = Release|Any CPU
		{83F831F3-2ACA-420F-A456-5F8FFD747E89}.Debug|Any CPU.ActiveCfg = Debug|Any CPU
		{83F831F3-2ACA-420F-A456-5F8FFD747E89}.Debug|Any CPU.Build.0 = Debug|Any CPU
		{83F831F3-2ACA-420F-A456-5F8FFD747E89}.Debug|x64.ActiveCfg = Debug|Any CPU
		{83F831F3-2ACA-420F-A456-5F8FFD747E89}.Debug|x64.Build.0 = Debug|Any CPU
		{83F831F3-2ACA-420F-A456-5F8FFD747E89}.Debug|x86.ActiveCfg = Debug|Any CPU
		{83F831F3-2ACA-420F-A456-5F8FFD747E89}.Debug|x86.Build.0 = Debug|Any CPU
		{83F831F3-2ACA-420F-A456-5F8FFD747E89}.Release|Any CPU.ActiveCfg = Release|Any CPU
		{83F831F3-2ACA-420F-A456-5F8FFD747E89}.Release|Any CPU.Build.0 = Release|Any CPU
		{83F831F3-2ACA-420F-A456-5F8FFD747E89}.Release|x64.ActiveCfg = Release|Any CPU
		{83F831F3-2ACA-420F-A456-5F8FFD747E89}.Release|x64.Build.0 = Release|Any CPU
		{83F831F3-2ACA-420F-A456-5F8FFD747E89}.Release|x86.ActiveCfg = Release|Any CPU
		{83F831F3-2ACA-420F-A456-5F8FFD747E89}.Release|x86.Build.0 = Release|Any CPU
		{C9C9D6A5-DB5F-490F-84B6-7E0A94C57D41}.Debug|Any CPU.ActiveCfg = Debug|Any CPU
		{C9C9D6A5-DB5F-490F-84B6-7E0A94C57D41}.Debug|Any CPU.Build.0 = Debug|Any CPU
		{C9C9D6A5-DB5F-490F-84B6-7E0A94C57D41}.Debug|x64.ActiveCfg = Debug|Any CPU
		{C9C9D6A5-DB5F-490F-84B6-7E0A94C57D41}.Debug|x64.Build.0 = Debug|Any CPU
		{C9C9D6A5-DB5F-490F-84B6-7E0A94C57D41}.Debug|x86.ActiveCfg = Debug|Any CPU
		{C9C9D6A5-DB5F-490F-84B6-7E0A94C57D41}.Debug|x86.Build.0 = Debug|Any CPU
		{C9C9D6A5-DB5F-490F-84B6-7E0A94C57D41}.Release|Any CPU.ActiveCfg = Release|Any CPU
		{C9C9D6A5-DB5F-490F-84B6-7E0A94C57D41}.Release|Any CPU.Build.0 = Release|Any CPU
		{C9C9D6A5-DB5F-490F-84B6-7E0A94C57D41}.Release|x64.ActiveCfg = Release|Any CPU
		{C9C9D6A5-DB5F-490F-84B6-7E0A94C57D41}.Release|x64.Build.0 = Release|Any CPU
		{C9C9D6A5-DB5F-490F-84B6-7E0A94C57D41}.Release|x86.ActiveCfg = Release|Any CPU
		{C9C9D6A5-DB5F-490F-84B6-7E0A94C57D41}.Release|x86.Build.0 = Release|Any CPU
		{82EB9B49-C40A-4AA9-A8BF-86F35FE5E71D}.Debug|Any CPU.ActiveCfg = Debug|Any CPU
		{82EB9B49-C40A-4AA9-A8BF-86F35FE5E71D}.Debug|Any CPU.Build.0 = Debug|Any CPU
		{82EB9B49-C40A-4AA9-A8BF-86F35FE5E71D}.Debug|x64.ActiveCfg = Debug|Any CPU
		{82EB9B49-C40A-4AA9-A8BF-86F35FE5E71D}.Debug|x64.Build.0 = Debug|Any CPU
		{82EB9B49-C40A-4AA9-A8BF-86F35FE5E71D}.Debug|x86.ActiveCfg = Debug|Any CPU
		{82EB9B49-C40A-4AA9-A8BF-86F35FE5E71D}.Debug|x86.Build.0 = Debug|Any CPU
		{82EB9B49-C40A-4AA9-A8BF-86F35FE5E71D}.Release|Any CPU.ActiveCfg = Release|Any CPU
		{82EB9B49-C40A-4AA9-A8BF-86F35FE5E71D}.Release|Any CPU.Build.0 = Release|Any CPU
		{82EB9B49-C40A-4AA9-A8BF-86F35FE5E71D}.Release|x64.ActiveCfg = Release|Any CPU
		{82EB9B49-C40A-4AA9-A8BF-86F35FE5E71D}.Release|x64.Build.0 = Release|Any CPU
		{82EB9B49-C40A-4AA9-A8BF-86F35FE5E71D}.Release|x86.ActiveCfg = Release|Any CPU
		{82EB9B49-C40A-4AA9-A8BF-86F35FE5E71D}.Release|x86.Build.0 = Release|Any CPU
		{2FC58F99-D6D4-4882-A316-9C946F3E3EC4}.Debug|Any CPU.ActiveCfg = Debug|Any CPU
		{2FC58F99-D6D4-4882-A316-9C946F3E3EC4}.Debug|Any CPU.Build.0 = Debug|Any CPU
		{2FC58F99-D6D4-4882-A316-9C946F3E3EC4}.Debug|x64.ActiveCfg = Debug|Any CPU
		{2FC58F99-D6D4-4882-A316-9C946F3E3EC4}.Debug|x64.Build.0 = Debug|Any CPU
		{2FC58F99-D6D4-4882-A316-9C946F3E3EC4}.Debug|x86.ActiveCfg = Debug|Any CPU
		{2FC58F99-D6D4-4882-A316-9C946F3E3EC4}.Debug|x86.Build.0 = Debug|Any CPU
		{2FC58F99-D6D4-4882-A316-9C946F3E3EC4}.Release|Any CPU.ActiveCfg = Release|Any CPU
		{2FC58F99-D6D4-4882-A316-9C946F3E3EC4}.Release|Any CPU.Build.0 = Release|Any CPU
		{2FC58F99-D6D4-4882-A316-9C946F3E3EC4}.Release|x64.ActiveCfg = Release|Any CPU
		{2FC58F99-D6D4-4882-A316-9C946F3E3EC4}.Release|x64.Build.0 = Release|Any CPU
		{2FC58F99-D6D4-4882-A316-9C946F3E3EC4}.Release|x86.ActiveCfg = Release|Any CPU
		{2FC58F99-D6D4-4882-A316-9C946F3E3EC4}.Release|x86.Build.0 = Release|Any CPU
		{35D0BAE1-1688-4FC6-8025-A3B98F071943}.Debug|Any CPU.ActiveCfg = Debug|Any CPU
		{35D0BAE1-1688-4FC6-8025-A3B98F071943}.Debug|Any CPU.Build.0 = Debug|Any CPU
		{35D0BAE1-1688-4FC6-8025-A3B98F071943}.Debug|x64.ActiveCfg = Debug|Any CPU
		{35D0BAE1-1688-4FC6-8025-A3B98F071943}.Debug|x64.Build.0 = Debug|Any CPU
		{35D0BAE1-1688-4FC6-8025-A3B98F071943}.Debug|x86.ActiveCfg = Debug|Any CPU
		{35D0BAE1-1688-4FC6-8025-A3B98F071943}.Debug|x86.Build.0 = Debug|Any CPU
		{35D0BAE1-1688-4FC6-8025-A3B98F071943}.Release|Any CPU.ActiveCfg = Release|Any CPU
		{35D0BAE1-1688-4FC6-8025-A3B98F071943}.Release|Any CPU.Build.0 = Release|Any CPU
		{35D0BAE1-1688-4FC6-8025-A3B98F071943}.Release|x64.ActiveCfg = Release|Any CPU
		{35D0BAE1-1688-4FC6-8025-A3B98F071943}.Release|x64.Build.0 = Release|Any CPU
		{35D0BAE1-1688-4FC6-8025-A3B98F071943}.Release|x86.ActiveCfg = Release|Any CPU
		{35D0BAE1-1688-4FC6-8025-A3B98F071943}.Release|x86.Build.0 = Release|Any CPU
		{EEC38EE8-B109-44AA-8E57-F08F609A3037}.Debug|Any CPU.ActiveCfg = Debug|Any CPU
		{EEC38EE8-B109-44AA-8E57-F08F609A3037}.Debug|Any CPU.Build.0 = Debug|Any CPU
		{EEC38EE8-B109-44AA-8E57-F08F609A3037}.Debug|x64.ActiveCfg = Debug|Any CPU
		{EEC38EE8-B109-44AA-8E57-F08F609A3037}.Debug|x64.Build.0 = Debug|Any CPU
		{EEC38EE8-B109-44AA-8E57-F08F609A3037}.Debug|x86.ActiveCfg = Debug|Any CPU
		{EEC38EE8-B109-44AA-8E57-F08F609A3037}.Debug|x86.Build.0 = Debug|Any CPU
		{EEC38EE8-B109-44AA-8E57-F08F609A3037}.Release|Any CPU.ActiveCfg = Release|Any CPU
		{EEC38EE8-B109-44AA-8E57-F08F609A3037}.Release|Any CPU.Build.0 = Release|Any CPU
		{EEC38EE8-B109-44AA-8E57-F08F609A3037}.Release|x64.ActiveCfg = Release|Any CPU
		{EEC38EE8-B109-44AA-8E57-F08F609A3037}.Release|x64.Build.0 = Release|Any CPU
		{EEC38EE8-B109-44AA-8E57-F08F609A3037}.Release|x86.ActiveCfg = Release|Any CPU
		{EEC38EE8-B109-44AA-8E57-F08F609A3037}.Release|x86.Build.0 = Release|Any CPU
		{1900316F-4D41-447F-AC5F-9E1D6DB52C47}.Debug|Any CPU.ActiveCfg = Debug|Any CPU
		{1900316F-4D41-447F-AC5F-9E1D6DB52C47}.Debug|Any CPU.Build.0 = Debug|Any CPU
		{1900316F-4D41-447F-AC5F-9E1D6DB52C47}.Debug|x64.ActiveCfg = Debug|Any CPU
		{1900316F-4D41-447F-AC5F-9E1D6DB52C47}.Debug|x64.Build.0 = Debug|Any CPU
		{1900316F-4D41-447F-AC5F-9E1D6DB52C47}.Debug|x86.ActiveCfg = Debug|Any CPU
		{1900316F-4D41-447F-AC5F-9E1D6DB52C47}.Debug|x86.Build.0 = Debug|Any CPU
		{1900316F-4D41-447F-AC5F-9E1D6DB52C47}.Release|Any CPU.ActiveCfg = Release|Any CPU
		{1900316F-4D41-447F-AC5F-9E1D6DB52C47}.Release|Any CPU.Build.0 = Release|Any CPU
		{1900316F-4D41-447F-AC5F-9E1D6DB52C47}.Release|x64.ActiveCfg = Release|Any CPU
		{1900316F-4D41-447F-AC5F-9E1D6DB52C47}.Release|x64.Build.0 = Release|Any CPU
		{1900316F-4D41-447F-AC5F-9E1D6DB52C47}.Release|x86.ActiveCfg = Release|Any CPU
		{1900316F-4D41-447F-AC5F-9E1D6DB52C47}.Release|x86.Build.0 = Release|Any CPU
		{6AF26C66-F59B-4AB3-A43F-64C073A0F477}.Debug|Any CPU.ActiveCfg = Debug|Any CPU
		{6AF26C66-F59B-4AB3-A43F-64C073A0F477}.Debug|Any CPU.Build.0 = Debug|Any CPU
		{6AF26C66-F59B-4AB3-A43F-64C073A0F477}.Debug|x64.ActiveCfg = Debug|Any CPU
		{6AF26C66-F59B-4AB3-A43F-64C073A0F477}.Debug|x64.Build.0 = Debug|Any CPU
		{6AF26C66-F59B-4AB3-A43F-64C073A0F477}.Debug|x86.ActiveCfg = Debug|Any CPU
		{6AF26C66-F59B-4AB3-A43F-64C073A0F477}.Debug|x86.Build.0 = Debug|Any CPU
		{6AF26C66-F59B-4AB3-A43F-64C073A0F477}.Release|Any CPU.ActiveCfg = Release|Any CPU
		{6AF26C66-F59B-4AB3-A43F-64C073A0F477}.Release|Any CPU.Build.0 = Release|Any CPU
		{6AF26C66-F59B-4AB3-A43F-64C073A0F477}.Release|x64.ActiveCfg = Release|Any CPU
		{6AF26C66-F59B-4AB3-A43F-64C073A0F477}.Release|x64.Build.0 = Release|Any CPU
		{6AF26C66-F59B-4AB3-A43F-64C073A0F477}.Release|x86.ActiveCfg = Release|Any CPU
		{6AF26C66-F59B-4AB3-A43F-64C073A0F477}.Release|x86.Build.0 = Release|Any CPU
		{01D575BE-4A1F-4719-9918-FC0993CF33E6}.Debug|Any CPU.ActiveCfg = Debug|Any CPU
		{01D575BE-4A1F-4719-9918-FC0993CF33E6}.Debug|Any CPU.Build.0 = Debug|Any CPU
		{01D575BE-4A1F-4719-9918-FC0993CF33E6}.Debug|x64.ActiveCfg = Debug|Any CPU
		{01D575BE-4A1F-4719-9918-FC0993CF33E6}.Debug|x64.Build.0 = Debug|Any CPU
		{01D575BE-4A1F-4719-9918-FC0993CF33E6}.Debug|x86.ActiveCfg = Debug|Any CPU
		{01D575BE-4A1F-4719-9918-FC0993CF33E6}.Debug|x86.Build.0 = Debug|Any CPU
		{01D575BE-4A1F-4719-9918-FC0993CF33E6}.Release|Any CPU.ActiveCfg = Release|Any CPU
		{01D575BE-4A1F-4719-9918-FC0993CF33E6}.Release|Any CPU.Build.0 = Release|Any CPU
		{01D575BE-4A1F-4719-9918-FC0993CF33E6}.Release|x64.ActiveCfg = Release|Any CPU
		{01D575BE-4A1F-4719-9918-FC0993CF33E6}.Release|x64.Build.0 = Release|Any CPU
		{01D575BE-4A1F-4719-9918-FC0993CF33E6}.Release|x86.ActiveCfg = Release|Any CPU
		{01D575BE-4A1F-4719-9918-FC0993CF33E6}.Release|x86.Build.0 = Release|Any CPU
		{EC6B0534-A88D-4CE5-BEB4-D8D4BABCB5F9}.Debug|Any CPU.ActiveCfg = Debug|Any CPU
		{EC6B0534-A88D-4CE5-BEB4-D8D4BABCB5F9}.Debug|Any CPU.Build.0 = Debug|Any CPU
		{EC6B0534-A88D-4CE5-BEB4-D8D4BABCB5F9}.Debug|x64.ActiveCfg = Debug|Any CPU
		{EC6B0534-A88D-4CE5-BEB4-D8D4BABCB5F9}.Debug|x64.Build.0 = Debug|Any CPU
		{EC6B0534-A88D-4CE5-BEB4-D8D4BABCB5F9}.Debug|x86.ActiveCfg = Debug|Any CPU
		{EC6B0534-A88D-4CE5-BEB4-D8D4BABCB5F9}.Debug|x86.Build.0 = Debug|Any CPU
		{EC6B0534-A88D-4CE5-BEB4-D8D4BABCB5F9}.Release|Any CPU.ActiveCfg = Release|Any CPU
		{EC6B0534-A88D-4CE5-BEB4-D8D4BABCB5F9}.Release|Any CPU.Build.0 = Release|Any CPU
		{EC6B0534-A88D-4CE5-BEB4-D8D4BABCB5F9}.Release|x64.ActiveCfg = Release|Any CPU
		{EC6B0534-A88D-4CE5-BEB4-D8D4BABCB5F9}.Release|x64.Build.0 = Release|Any CPU
		{EC6B0534-A88D-4CE5-BEB4-D8D4BABCB5F9}.Release|x86.ActiveCfg = Release|Any CPU
		{EC6B0534-A88D-4CE5-BEB4-D8D4BABCB5F9}.Release|x86.Build.0 = Release|Any CPU
		{49BBF607-70E5-4F07-A6F1-E09C98A77665}.Debug|Any CPU.ActiveCfg = Debug|Any CPU
		{49BBF607-70E5-4F07-A6F1-E09C98A77665}.Debug|Any CPU.Build.0 = Debug|Any CPU
		{49BBF607-70E5-4F07-A6F1-E09C98A77665}.Debug|x64.ActiveCfg = Debug|Any CPU
		{49BBF607-70E5-4F07-A6F1-E09C98A77665}.Debug|x64.Build.0 = Debug|Any CPU
		{49BBF607-70E5-4F07-A6F1-E09C98A77665}.Debug|x86.ActiveCfg = Debug|Any CPU
		{49BBF607-70E5-4F07-A6F1-E09C98A77665}.Debug|x86.Build.0 = Debug|Any CPU
		{49BBF607-70E5-4F07-A6F1-E09C98A77665}.Release|Any CPU.ActiveCfg = Release|Any CPU
		{49BBF607-70E5-4F07-A6F1-E09C98A77665}.Release|Any CPU.Build.0 = Release|Any CPU
		{49BBF607-70E5-4F07-A6F1-E09C98A77665}.Release|x64.ActiveCfg = Release|Any CPU
		{49BBF607-70E5-4F07-A6F1-E09C98A77665}.Release|x64.Build.0 = Release|Any CPU
		{49BBF607-70E5-4F07-A6F1-E09C98A77665}.Release|x86.ActiveCfg = Release|Any CPU
		{49BBF607-70E5-4F07-A6F1-E09C98A77665}.Release|x86.Build.0 = Release|Any CPU
		{043F4A5A-4FAF-426D-BD89-0BAFA519113E}.Debug|Any CPU.ActiveCfg = Debug|Any CPU
		{043F4A5A-4FAF-426D-BD89-0BAFA519113E}.Debug|Any CPU.Build.0 = Debug|Any CPU
		{043F4A5A-4FAF-426D-BD89-0BAFA519113E}.Debug|x64.ActiveCfg = Debug|Any CPU
		{043F4A5A-4FAF-426D-BD89-0BAFA519113E}.Debug|x64.Build.0 = Debug|Any CPU
		{043F4A5A-4FAF-426D-BD89-0BAFA519113E}.Debug|x86.ActiveCfg = Debug|Any CPU
		{043F4A5A-4FAF-426D-BD89-0BAFA519113E}.Debug|x86.Build.0 = Debug|Any CPU
		{043F4A5A-4FAF-426D-BD89-0BAFA519113E}.Release|Any CPU.ActiveCfg = Release|Any CPU
		{043F4A5A-4FAF-426D-BD89-0BAFA519113E}.Release|Any CPU.Build.0 = Release|Any CPU
		{043F4A5A-4FAF-426D-BD89-0BAFA519113E}.Release|x64.ActiveCfg = Release|Any CPU
		{043F4A5A-4FAF-426D-BD89-0BAFA519113E}.Release|x64.Build.0 = Release|Any CPU
		{043F4A5A-4FAF-426D-BD89-0BAFA519113E}.Release|x86.ActiveCfg = Release|Any CPU
		{043F4A5A-4FAF-426D-BD89-0BAFA519113E}.Release|x86.Build.0 = Release|Any CPU
		{C69ADD44-6605-4F0D-9748-17B526483621}.Debug|Any CPU.ActiveCfg = Debug|Any CPU
		{C69ADD44-6605-4F0D-9748-17B526483621}.Debug|Any CPU.Build.0 = Debug|Any CPU
		{C69ADD44-6605-4F0D-9748-17B526483621}.Debug|x64.ActiveCfg = Debug|Any CPU
		{C69ADD44-6605-4F0D-9748-17B526483621}.Debug|x64.Build.0 = Debug|Any CPU
		{C69ADD44-6605-4F0D-9748-17B526483621}.Debug|x86.ActiveCfg = Debug|Any CPU
		{C69ADD44-6605-4F0D-9748-17B526483621}.Debug|x86.Build.0 = Debug|Any CPU
		{C69ADD44-6605-4F0D-9748-17B526483621}.Release|Any CPU.ActiveCfg = Release|Any CPU
		{C69ADD44-6605-4F0D-9748-17B526483621}.Release|Any CPU.Build.0 = Release|Any CPU
		{C69ADD44-6605-4F0D-9748-17B526483621}.Release|x64.ActiveCfg = Release|Any CPU
		{C69ADD44-6605-4F0D-9748-17B526483621}.Release|x64.Build.0 = Release|Any CPU
		{C69ADD44-6605-4F0D-9748-17B526483621}.Release|x86.ActiveCfg = Release|Any CPU
		{C69ADD44-6605-4F0D-9748-17B526483621}.Release|x86.Build.0 = Release|Any CPU
		{2B938FD2-1A65-44EC-BFC5-7C825E3B670B}.Debug|Any CPU.ActiveCfg = Debug|Any CPU
		{2B938FD2-1A65-44EC-BFC5-7C825E3B670B}.Debug|Any CPU.Build.0 = Debug|Any CPU
		{2B938FD2-1A65-44EC-BFC5-7C825E3B670B}.Debug|x64.ActiveCfg = Debug|Any CPU
		{2B938FD2-1A65-44EC-BFC5-7C825E3B670B}.Debug|x64.Build.0 = Debug|Any CPU
		{2B938FD2-1A65-44EC-BFC5-7C825E3B670B}.Debug|x86.ActiveCfg = Debug|Any CPU
		{2B938FD2-1A65-44EC-BFC5-7C825E3B670B}.Debug|x86.Build.0 = Debug|Any CPU
		{2B938FD2-1A65-44EC-BFC5-7C825E3B670B}.Release|Any CPU.ActiveCfg = Release|Any CPU
		{2B938FD2-1A65-44EC-BFC5-7C825E3B670B}.Release|Any CPU.Build.0 = Release|Any CPU
		{2B938FD2-1A65-44EC-BFC5-7C825E3B670B}.Release|x64.ActiveCfg = Release|Any CPU
		{2B938FD2-1A65-44EC-BFC5-7C825E3B670B}.Release|x64.Build.0 = Release|Any CPU
		{2B938FD2-1A65-44EC-BFC5-7C825E3B670B}.Release|x86.ActiveCfg = Release|Any CPU
		{2B938FD2-1A65-44EC-BFC5-7C825E3B670B}.Release|x86.Build.0 = Release|Any CPU
		{DBFD0E9B-7750-4495-80CE-0385884B7646}.Debug|Any CPU.ActiveCfg = Debug|Any CPU
		{DBFD0E9B-7750-4495-80CE-0385884B7646}.Debug|Any CPU.Build.0 = Debug|Any CPU
		{DBFD0E9B-7750-4495-80CE-0385884B7646}.Debug|x64.ActiveCfg = Debug|Any CPU
		{DBFD0E9B-7750-4495-80CE-0385884B7646}.Debug|x64.Build.0 = Debug|Any CPU
		{DBFD0E9B-7750-4495-80CE-0385884B7646}.Debug|x86.ActiveCfg = Debug|Any CPU
		{DBFD0E9B-7750-4495-80CE-0385884B7646}.Debug|x86.Build.0 = Debug|Any CPU
		{DBFD0E9B-7750-4495-80CE-0385884B7646}.Release|Any CPU.ActiveCfg = Release|Any CPU
		{DBFD0E9B-7750-4495-80CE-0385884B7646}.Release|Any CPU.Build.0 = Release|Any CPU
		{DBFD0E9B-7750-4495-80CE-0385884B7646}.Release|x64.ActiveCfg = Release|Any CPU
		{DBFD0E9B-7750-4495-80CE-0385884B7646}.Release|x64.Build.0 = Release|Any CPU
		{DBFD0E9B-7750-4495-80CE-0385884B7646}.Release|x86.ActiveCfg = Release|Any CPU
		{DBFD0E9B-7750-4495-80CE-0385884B7646}.Release|x86.Build.0 = Release|Any CPU
		{D804A6EF-7B78-4FAB-9C51-940F0C05755A}.Debug|Any CPU.ActiveCfg = Debug|Any CPU
		{D804A6EF-7B78-4FAB-9C51-940F0C05755A}.Debug|Any CPU.Build.0 = Debug|Any CPU
		{D804A6EF-7B78-4FAB-9C51-940F0C05755A}.Debug|x64.ActiveCfg = Debug|Any CPU
		{D804A6EF-7B78-4FAB-9C51-940F0C05755A}.Debug|x64.Build.0 = Debug|Any CPU
		{D804A6EF-7B78-4FAB-9C51-940F0C05755A}.Debug|x86.ActiveCfg = Debug|Any CPU
		{D804A6EF-7B78-4FAB-9C51-940F0C05755A}.Debug|x86.Build.0 = Debug|Any CPU
		{D804A6EF-7B78-4FAB-9C51-940F0C05755A}.Release|Any CPU.ActiveCfg = Release|Any CPU
		{D804A6EF-7B78-4FAB-9C51-940F0C05755A}.Release|Any CPU.Build.0 = Release|Any CPU
		{D804A6EF-7B78-4FAB-9C51-940F0C05755A}.Release|x64.ActiveCfg = Release|Any CPU
		{D804A6EF-7B78-4FAB-9C51-940F0C05755A}.Release|x64.Build.0 = Release|Any CPU
		{D804A6EF-7B78-4FAB-9C51-940F0C05755A}.Release|x86.ActiveCfg = Release|Any CPU
		{D804A6EF-7B78-4FAB-9C51-940F0C05755A}.Release|x86.Build.0 = Release|Any CPU
		{A4A073E9-462A-4882-AEC0-FEEBC6FE0FA2}.Debug|Any CPU.ActiveCfg = Debug|Any CPU
		{A4A073E9-462A-4882-AEC0-FEEBC6FE0FA2}.Debug|Any CPU.Build.0 = Debug|Any CPU
		{A4A073E9-462A-4882-AEC0-FEEBC6FE0FA2}.Debug|x64.ActiveCfg = Debug|Any CPU
		{A4A073E9-462A-4882-AEC0-FEEBC6FE0FA2}.Debug|x64.Build.0 = Debug|Any CPU
		{A4A073E9-462A-4882-AEC0-FEEBC6FE0FA2}.Debug|x86.ActiveCfg = Debug|Any CPU
		{A4A073E9-462A-4882-AEC0-FEEBC6FE0FA2}.Debug|x86.Build.0 = Debug|Any CPU
		{A4A073E9-462A-4882-AEC0-FEEBC6FE0FA2}.Release|Any CPU.ActiveCfg = Release|Any CPU
		{A4A073E9-462A-4882-AEC0-FEEBC6FE0FA2}.Release|Any CPU.Build.0 = Release|Any CPU
		{A4A073E9-462A-4882-AEC0-FEEBC6FE0FA2}.Release|x64.ActiveCfg = Release|Any CPU
		{A4A073E9-462A-4882-AEC0-FEEBC6FE0FA2}.Release|x64.Build.0 = Release|Any CPU
		{A4A073E9-462A-4882-AEC0-FEEBC6FE0FA2}.Release|x86.ActiveCfg = Release|Any CPU
		{A4A073E9-462A-4882-AEC0-FEEBC6FE0FA2}.Release|x86.Build.0 = Release|Any CPU
		{EEDB50C3-BBA1-4A30-BDBE-5E91BF5555E9}.Debug|Any CPU.ActiveCfg = Debug|Any CPU
		{EEDB50C3-BBA1-4A30-BDBE-5E91BF5555E9}.Debug|Any CPU.Build.0 = Debug|Any CPU
		{EEDB50C3-BBA1-4A30-BDBE-5E91BF5555E9}.Debug|x64.ActiveCfg = Debug|Any CPU
		{EEDB50C3-BBA1-4A30-BDBE-5E91BF5555E9}.Debug|x64.Build.0 = Debug|Any CPU
		{EEDB50C3-BBA1-4A30-BDBE-5E91BF5555E9}.Debug|x86.ActiveCfg = Debug|Any CPU
		{EEDB50C3-BBA1-4A30-BDBE-5E91BF5555E9}.Debug|x86.Build.0 = Debug|Any CPU
		{EEDB50C3-BBA1-4A30-BDBE-5E91BF5555E9}.Release|Any CPU.ActiveCfg = Release|Any CPU
		{EEDB50C3-BBA1-4A30-BDBE-5E91BF5555E9}.Release|Any CPU.Build.0 = Release|Any CPU
		{EEDB50C3-BBA1-4A30-BDBE-5E91BF5555E9}.Release|x64.ActiveCfg = Release|Any CPU
		{EEDB50C3-BBA1-4A30-BDBE-5E91BF5555E9}.Release|x64.Build.0 = Release|Any CPU
		{EEDB50C3-BBA1-4A30-BDBE-5E91BF5555E9}.Release|x86.ActiveCfg = Release|Any CPU
		{EEDB50C3-BBA1-4A30-BDBE-5E91BF5555E9}.Release|x86.Build.0 = Release|Any CPU
		{32E45795-42B7-4B3D-8647-B14229599E32}.Debug|Any CPU.ActiveCfg = Debug|Any CPU
		{32E45795-42B7-4B3D-8647-B14229599E32}.Debug|Any CPU.Build.0 = Debug|Any CPU
		{32E45795-42B7-4B3D-8647-B14229599E32}.Debug|x64.ActiveCfg = Debug|Any CPU
		{32E45795-42B7-4B3D-8647-B14229599E32}.Debug|x64.Build.0 = Debug|Any CPU
		{32E45795-42B7-4B3D-8647-B14229599E32}.Debug|x86.ActiveCfg = Debug|Any CPU
		{32E45795-42B7-4B3D-8647-B14229599E32}.Debug|x86.Build.0 = Debug|Any CPU
		{32E45795-42B7-4B3D-8647-B14229599E32}.Release|Any CPU.ActiveCfg = Release|Any CPU
		{32E45795-42B7-4B3D-8647-B14229599E32}.Release|Any CPU.Build.0 = Release|Any CPU
		{32E45795-42B7-4B3D-8647-B14229599E32}.Release|x64.ActiveCfg = Release|Any CPU
		{32E45795-42B7-4B3D-8647-B14229599E32}.Release|x64.Build.0 = Release|Any CPU
		{32E45795-42B7-4B3D-8647-B14229599E32}.Release|x86.ActiveCfg = Release|Any CPU
		{32E45795-42B7-4B3D-8647-B14229599E32}.Release|x86.Build.0 = Release|Any CPU
		{A9051CB2-CDE4-473C-B27E-331790BF2675}.Debug|Any CPU.ActiveCfg = Debug|Any CPU
		{A9051CB2-CDE4-473C-B27E-331790BF2675}.Debug|Any CPU.Build.0 = Debug|Any CPU
		{A9051CB2-CDE4-473C-B27E-331790BF2675}.Debug|x64.ActiveCfg = Debug|Any CPU
		{A9051CB2-CDE4-473C-B27E-331790BF2675}.Debug|x64.Build.0 = Debug|Any CPU
		{A9051CB2-CDE4-473C-B27E-331790BF2675}.Debug|x86.ActiveCfg = Debug|Any CPU
		{A9051CB2-CDE4-473C-B27E-331790BF2675}.Debug|x86.Build.0 = Debug|Any CPU
		{A9051CB2-CDE4-473C-B27E-331790BF2675}.Release|Any CPU.ActiveCfg = Release|Any CPU
		{A9051CB2-CDE4-473C-B27E-331790BF2675}.Release|Any CPU.Build.0 = Release|Any CPU
		{A9051CB2-CDE4-473C-B27E-331790BF2675}.Release|x64.ActiveCfg = Release|Any CPU
		{A9051CB2-CDE4-473C-B27E-331790BF2675}.Release|x64.Build.0 = Release|Any CPU
		{A9051CB2-CDE4-473C-B27E-331790BF2675}.Release|x86.ActiveCfg = Release|Any CPU
		{A9051CB2-CDE4-473C-B27E-331790BF2675}.Release|x86.Build.0 = Release|Any CPU
		{4E120D1F-B436-4E7D-AF3F-F47B7BB3A59C}.Debug|Any CPU.ActiveCfg = Debug|Any CPU
		{4E120D1F-B436-4E7D-AF3F-F47B7BB3A59C}.Debug|Any CPU.Build.0 = Debug|Any CPU
		{4E120D1F-B436-4E7D-AF3F-F47B7BB3A59C}.Debug|x64.ActiveCfg = Debug|Any CPU
		{4E120D1F-B436-4E7D-AF3F-F47B7BB3A59C}.Debug|x64.Build.0 = Debug|Any CPU
		{4E120D1F-B436-4E7D-AF3F-F47B7BB3A59C}.Debug|x86.ActiveCfg = Debug|Any CPU
		{4E120D1F-B436-4E7D-AF3F-F47B7BB3A59C}.Debug|x86.Build.0 = Debug|Any CPU
		{4E120D1F-B436-4E7D-AF3F-F47B7BB3A59C}.Release|Any CPU.ActiveCfg = Release|Any CPU
		{4E120D1F-B436-4E7D-AF3F-F47B7BB3A59C}.Release|Any CPU.Build.0 = Release|Any CPU
		{4E120D1F-B436-4E7D-AF3F-F47B7BB3A59C}.Release|x64.ActiveCfg = Release|Any CPU
		{4E120D1F-B436-4E7D-AF3F-F47B7BB3A59C}.Release|x64.Build.0 = Release|Any CPU
		{4E120D1F-B436-4E7D-AF3F-F47B7BB3A59C}.Release|x86.ActiveCfg = Release|Any CPU
		{4E120D1F-B436-4E7D-AF3F-F47B7BB3A59C}.Release|x86.Build.0 = Release|Any CPU
		{99AC50A8-4F73-4592-9FD4-DE9DC741E1B7}.Debug|Any CPU.ActiveCfg = Debug|Any CPU
		{99AC50A8-4F73-4592-9FD4-DE9DC741E1B7}.Debug|Any CPU.Build.0 = Debug|Any CPU
		{99AC50A8-4F73-4592-9FD4-DE9DC741E1B7}.Debug|x64.ActiveCfg = Debug|Any CPU
		{99AC50A8-4F73-4592-9FD4-DE9DC741E1B7}.Debug|x64.Build.0 = Debug|Any CPU
		{99AC50A8-4F73-4592-9FD4-DE9DC741E1B7}.Debug|x86.ActiveCfg = Debug|Any CPU
		{99AC50A8-4F73-4592-9FD4-DE9DC741E1B7}.Debug|x86.Build.0 = Debug|Any CPU
		{99AC50A8-4F73-4592-9FD4-DE9DC741E1B7}.Release|Any CPU.ActiveCfg = Release|Any CPU
		{99AC50A8-4F73-4592-9FD4-DE9DC741E1B7}.Release|Any CPU.Build.0 = Release|Any CPU
		{99AC50A8-4F73-4592-9FD4-DE9DC741E1B7}.Release|x64.ActiveCfg = Release|Any CPU
		{99AC50A8-4F73-4592-9FD4-DE9DC741E1B7}.Release|x64.Build.0 = Release|Any CPU
		{99AC50A8-4F73-4592-9FD4-DE9DC741E1B7}.Release|x86.ActiveCfg = Release|Any CPU
		{99AC50A8-4F73-4592-9FD4-DE9DC741E1B7}.Release|x86.Build.0 = Release|Any CPU
		{B1C2D3E4-F5A6-7890-BCDE-F12345678901}.Debug|Any CPU.ActiveCfg = Debug|Any CPU
		{B1C2D3E4-F5A6-7890-BCDE-F12345678901}.Debug|Any CPU.Build.0 = Debug|Any CPU
		{B1C2D3E4-F5A6-7890-BCDE-F12345678901}.Debug|x64.ActiveCfg = Debug|Any CPU
		{B1C2D3E4-F5A6-7890-BCDE-F12345678901}.Debug|x64.Build.0 = Debug|Any CPU
		{B1C2D3E4-F5A6-7890-BCDE-F12345678901}.Debug|x86.ActiveCfg = Debug|Any CPU
		{B1C2D3E4-F5A6-7890-BCDE-F12345678901}.Debug|x86.Build.0 = Debug|Any CPU
		{B1C2D3E4-F5A6-7890-BCDE-F12345678901}.Release|Any CPU.ActiveCfg = Release|Any CPU
		{B1C2D3E4-F5A6-7890-BCDE-F12345678901}.Release|Any CPU.Build.0 = Release|Any CPU
		{B1C2D3E4-F5A6-7890-BCDE-F12345678901}.Release|x64.ActiveCfg = Release|Any CPU
		{B1C2D3E4-F5A6-7890-BCDE-F12345678901}.Release|x64.Build.0 = Release|Any CPU
		{B1C2D3E4-F5A6-7890-BCDE-F12345678901}.Release|x86.ActiveCfg = Release|Any CPU
		{B1C2D3E4-F5A6-7890-BCDE-F12345678901}.Release|x86.Build.0 = Release|Any CPU
		{C1D2E3F4-A5B6-7890-CDEF-123456789012}.Debug|Any CPU.ActiveCfg = Debug|Any CPU
		{C1D2E3F4-A5B6-7890-CDEF-123456789012}.Debug|Any CPU.Build.0 = Debug|Any CPU
		{C1D2E3F4-A5B6-7890-CDEF-123456789012}.Debug|x64.ActiveCfg = Debug|Any CPU
		{C1D2E3F4-A5B6-7890-CDEF-123456789012}.Debug|x64.Build.0 = Debug|Any CPU
		{C1D2E3F4-A5B6-7890-CDEF-123456789012}.Debug|x86.ActiveCfg = Debug|Any CPU
		{C1D2E3F4-A5B6-7890-CDEF-123456789012}.Debug|x86.Build.0 = Debug|Any CPU
		{C1D2E3F4-A5B6-7890-CDEF-123456789012}.Release|Any CPU.ActiveCfg = Release|Any CPU
		{C1D2E3F4-A5B6-7890-CDEF-123456789012}.Release|Any CPU.Build.0 = Release|Any CPU
		{C1D2E3F4-A5B6-7890-CDEF-123456789012}.Release|x64.ActiveCfg = Release|Any CPU
		{C1D2E3F4-A5B6-7890-CDEF-123456789012}.Release|x64.Build.0 = Release|Any CPU
		{C1D2E3F4-A5B6-7890-CDEF-123456789012}.Release|x86.ActiveCfg = Release|Any CPU
		{C1D2E3F4-A5B6-7890-CDEF-123456789012}.Release|x86.Build.0 = Release|Any CPU
		{D1E2F3A4-B5C6-7890-DEFA-234567890123}.Debug|Any CPU.ActiveCfg = Debug|Any CPU
		{D1E2F3A4-B5C6-7890-DEFA-234567890123}.Debug|Any CPU.Build.0 = Debug|Any CPU
		{D1E2F3A4-B5C6-7890-DEFA-234567890123}.Debug|x64.ActiveCfg = Debug|Any CPU
		{D1E2F3A4-B5C6-7890-DEFA-234567890123}.Debug|x64.Build.0 = Debug|Any CPU
		{D1E2F3A4-B5C6-7890-DEFA-234567890123}.Debug|x86.ActiveCfg = Debug|Any CPU
		{D1E2F3A4-B5C6-7890-DEFA-234567890123}.Debug|x86.Build.0 = Debug|Any CPU
		{D1E2F3A4-B5C6-7890-DEFA-234567890123}.Release|Any CPU.ActiveCfg = Release|Any CPU
		{D1E2F3A4-B5C6-7890-DEFA-234567890123}.Release|Any CPU.Build.0 = Release|Any CPU
		{D1E2F3A4-B5C6-7890-DEFA-234567890123}.Release|x64.ActiveCfg = Release|Any CPU
		{D1E2F3A4-B5C6-7890-DEFA-234567890123}.Release|x64.Build.0 = Release|Any CPU
		{D1E2F3A4-B5C6-7890-DEFA-234567890123}.Release|x86.ActiveCfg = Release|Any CPU
		{D1E2F3A4-B5C6-7890-DEFA-234567890123}.Release|x86.Build.0 = Release|Any CPU
		{E1F2A3B4-C5D6-7890-EFAB-345678901234}.Debug|Any CPU.ActiveCfg = Debug|Any CPU
		{E1F2A3B4-C5D6-7890-EFAB-345678901234}.Debug|Any CPU.Build.0 = Debug|Any CPU
		{E1F2A3B4-C5D6-7890-EFAB-345678901234}.Debug|x64.ActiveCfg = Debug|Any CPU
		{E1F2A3B4-C5D6-7890-EFAB-345678901234}.Debug|x64.Build.0 = Debug|Any CPU
		{E1F2A3B4-C5D6-7890-EFAB-345678901234}.Debug|x86.ActiveCfg = Debug|Any CPU
		{E1F2A3B4-C5D6-7890-EFAB-345678901234}.Debug|x86.Build.0 = Debug|Any CPU
		{E1F2A3B4-C5D6-7890-EFAB-345678901234}.Release|Any CPU.ActiveCfg = Release|Any CPU
		{E1F2A3B4-C5D6-7890-EFAB-345678901234}.Release|Any CPU.Build.0 = Release|Any CPU
		{E1F2A3B4-C5D6-7890-EFAB-345678901234}.Release|x64.ActiveCfg = Release|Any CPU
		{E1F2A3B4-C5D6-7890-EFAB-345678901234}.Release|x64.Build.0 = Release|Any CPU
		{E1F2A3B4-C5D6-7890-EFAB-345678901234}.Release|x86.ActiveCfg = Release|Any CPU
		{E1F2A3B4-C5D6-7890-EFAB-345678901234}.Release|x86.Build.0 = Release|Any CPU
		{C997120B-6DAA-4CB2-93EA-640F15575837}.Debug|Any CPU.ActiveCfg = Debug|Any CPU
		{C997120B-6DAA-4CB2-93EA-640F15575837}.Debug|Any CPU.Build.0 = Debug|Any CPU
		{C997120B-6DAA-4CB2-93EA-640F15575837}.Debug|x64.ActiveCfg = Debug|Any CPU
		{C997120B-6DAA-4CB2-93EA-640F15575837}.Debug|x64.Build.0 = Debug|Any CPU
		{C997120B-6DAA-4CB2-93EA-640F15575837}.Debug|x86.ActiveCfg = Debug|Any CPU
		{C997120B-6DAA-4CB2-93EA-640F15575837}.Debug|x86.Build.0 = Debug|Any CPU
		{C997120B-6DAA-4CB2-93EA-640F15575837}.Release|Any CPU.ActiveCfg = Release|Any CPU
		{C997120B-6DAA-4CB2-93EA-640F15575837}.Release|Any CPU.Build.0 = Release|Any CPU
		{C997120B-6DAA-4CB2-93EA-640F15575837}.Release|x64.ActiveCfg = Release|Any CPU
		{C997120B-6DAA-4CB2-93EA-640F15575837}.Release|x64.Build.0 = Release|Any CPU
		{C997120B-6DAA-4CB2-93EA-640F15575837}.Release|x86.ActiveCfg = Release|Any CPU
		{C997120B-6DAA-4CB2-93EA-640F15575837}.Release|x86.Build.0 = Release|Any CPU
		{94C107B1-EBC9-458F-829F-EF78DEA61E98}.Debug|Any CPU.ActiveCfg = Debug|Any CPU
		{94C107B1-EBC9-458F-829F-EF78DEA61E98}.Debug|Any CPU.Build.0 = Debug|Any CPU
		{94C107B1-EBC9-458F-829F-EF78DEA61E98}.Debug|x64.ActiveCfg = Debug|Any CPU
		{94C107B1-EBC9-458F-829F-EF78DEA61E98}.Debug|x64.Build.0 = Debug|Any CPU
		{94C107B1-EBC9-458F-829F-EF78DEA61E98}.Debug|x86.ActiveCfg = Debug|Any CPU
		{94C107B1-EBC9-458F-829F-EF78DEA61E98}.Debug|x86.Build.0 = Debug|Any CPU
		{94C107B1-EBC9-458F-829F-EF78DEA61E98}.Release|Any CPU.ActiveCfg = Release|Any CPU
		{94C107B1-EBC9-458F-829F-EF78DEA61E98}.Release|Any CPU.Build.0 = Release|Any CPU
		{94C107B1-EBC9-458F-829F-EF78DEA61E98}.Release|x64.ActiveCfg = Release|Any CPU
		{94C107B1-EBC9-458F-829F-EF78DEA61E98}.Release|x64.Build.0 = Release|Any CPU
		{94C107B1-EBC9-458F-829F-EF78DEA61E98}.Release|x86.ActiveCfg = Release|Any CPU
		{94C107B1-EBC9-458F-829F-EF78DEA61E98}.Release|x86.Build.0 = Release|Any CPU
		{22E6E8E9-9FF7-4D86-A17E-A21AD30DB775}.Debug|Any CPU.ActiveCfg = Debug|Any CPU
		{22E6E8E9-9FF7-4D86-A17E-A21AD30DB775}.Debug|Any CPU.Build.0 = Debug|Any CPU
		{22E6E8E9-9FF7-4D86-A17E-A21AD30DB775}.Debug|x64.ActiveCfg = Debug|Any CPU
		{22E6E8E9-9FF7-4D86-A17E-A21AD30DB775}.Debug|x64.Build.0 = Debug|Any CPU
		{22E6E8E9-9FF7-4D86-A17E-A21AD30DB775}.Debug|x86.ActiveCfg = Debug|Any CPU
		{22E6E8E9-9FF7-4D86-A17E-A21AD30DB775}.Debug|x86.Build.0 = Debug|Any CPU
		{22E6E8E9-9FF7-4D86-A17E-A21AD30DB775}.Release|Any CPU.ActiveCfg = Release|Any CPU
		{22E6E8E9-9FF7-4D86-A17E-A21AD30DB775}.Release|Any CPU.Build.0 = Release|Any CPU
		{22E6E8E9-9FF7-4D86-A17E-A21AD30DB775}.Release|x64.ActiveCfg = Release|Any CPU
		{22E6E8E9-9FF7-4D86-A17E-A21AD30DB775}.Release|x64.Build.0 = Release|Any CPU
		{22E6E8E9-9FF7-4D86-A17E-A21AD30DB775}.Release|x86.ActiveCfg = Release|Any CPU
		{22E6E8E9-9FF7-4D86-A17E-A21AD30DB775}.Release|x86.Build.0 = Release|Any CPU
		{2F61699A-5B26-4FA8-8A94-D613031CF923}.Debug|Any CPU.ActiveCfg = Debug|Any CPU
		{2F61699A-5B26-4FA8-8A94-D613031CF923}.Debug|Any CPU.Build.0 = Debug|Any CPU
		{2F61699A-5B26-4FA8-8A94-D613031CF923}.Debug|x64.ActiveCfg = Debug|Any CPU
		{2F61699A-5B26-4FA8-8A94-D613031CF923}.Debug|x64.Build.0 = Debug|Any CPU
		{2F61699A-5B26-4FA8-8A94-D613031CF923}.Debug|x86.ActiveCfg = Debug|Any CPU
		{2F61699A-5B26-4FA8-8A94-D613031CF923}.Debug|x86.Build.0 = Debug|Any CPU
		{2F61699A-5B26-4FA8-8A94-D613031CF923}.Release|Any CPU.ActiveCfg = Release|Any CPU
		{2F61699A-5B26-4FA8-8A94-D613031CF923}.Release|Any CPU.Build.0 = Release|Any CPU
		{2F61699A-5B26-4FA8-8A94-D613031CF923}.Release|x64.ActiveCfg = Release|Any CPU
		{2F61699A-5B26-4FA8-8A94-D613031CF923}.Release|x64.Build.0 = Release|Any CPU
		{2F61699A-5B26-4FA8-8A94-D613031CF923}.Release|x86.ActiveCfg = Release|Any CPU
		{2F61699A-5B26-4FA8-8A94-D613031CF923}.Release|x86.Build.0 = Release|Any CPU
	EndGlobalSection
	GlobalSection(SolutionProperties) = preSolution
		HideSolutionNode = FALSE
	EndGlobalSection
	GlobalSection(NestedProjects) = preSolution
		{52BF7FB6-37FF-5100-EFD1-124EFF302675} = {827E0CD3-B72D-47B6-A68D-7590B98EB39B}
		{59D2B2B4-DC17-4D5A-8B71-1C77D0B06610} = {52BF7FB6-37FF-5100-EFD1-124EFF302675}
		{6691A00D-A946-48F4-B3F8-E68F3C7F92BF} = {52BF7FB6-37FF-5100-EFD1-124EFF302675}
		{16ED7090-1086-464A-99B5-5BE1160FA13F} = {52BF7FB6-37FF-5100-EFD1-124EFF302675}
		{2656F3D6-6444-45DE-A82B-4DD294BC53EA} = {52BF7FB6-37FF-5100-EFD1-124EFF302675}
		{5CA0E50B-1D7B-4537-9367-8A70AC37F9D3} = {52BF7FB6-37FF-5100-EFD1-124EFF302675}
		{88C8C524-83B8-4092-B9A8-B65A8208C61E} = {52BF7FB6-37FF-5100-EFD1-124EFF302675}
		{B4444894-C988-4906-82BF-82F6A0B8F0E3} = {52BF7FB6-37FF-5100-EFD1-124EFF302675}
		{8A726F17-5F74-471C-ACEA-C684A1064574} = {52BF7FB6-37FF-5100-EFD1-124EFF302675}
		{6A3ACE8A-2971-4499-9E34-867537280D02} = {52BF7FB6-37FF-5100-EFD1-124EFF302675}
		{45A14C8E-11A5-4610-AF38-650249C3B290} = {52BF7FB6-37FF-5100-EFD1-124EFF302675}
		{E2972C50-A0C6-4361-8743-7752941521B4} = {52BF7FB6-37FF-5100-EFD1-124EFF302675}
		{FF7CB3DA-9066-4703-8A4E-FCAD8A1C5BDD} = {52BF7FB6-37FF-5100-EFD1-124EFF302675}
		{984BB9B3-3FA3-BE33-9484-CAC21695A33C} = {827E0CD3-B72D-47B6-A68D-7590B98EB39B}
		{B851199A-4979-E597-3D50-97AC5992BBAF} = {984BB9B3-3FA3-BE33-9484-CAC21695A33C}
		{10920817-C7F9-4E75-B139-FF706FCE3DF2} = {B851199A-4979-E597-3D50-97AC5992BBAF}
		{FAD6F0EE-395D-4FE3-A92B-CBEA3FAE4B23} = {B851199A-4979-E597-3D50-97AC5992BBAF}
		{83F831F3-2ACA-420F-A456-5F8FFD747E89} = {B851199A-4979-E597-3D50-97AC5992BBAF}
		{C9C9D6A5-DB5F-490F-84B6-7E0A94C57D41} = {B851199A-4979-E597-3D50-97AC5992BBAF}
		{82EB9B49-C40A-4AA9-A8BF-86F35FE5E71D} = {B851199A-4979-E597-3D50-97AC5992BBAF}
		{2FC58F99-D6D4-4882-A316-9C946F3E3EC4} = {B851199A-4979-E597-3D50-97AC5992BBAF}
		{35D0BAE1-1688-4FC6-8025-A3B98F071943} = {B851199A-4979-E597-3D50-97AC5992BBAF}
		{EEC38EE8-B109-44AA-8E57-F08F609A3037} = {B851199A-4979-E597-3D50-97AC5992BBAF}
		{1900316F-4D41-447F-AC5F-9E1D6DB52C47} = {B851199A-4979-E597-3D50-97AC5992BBAF}
		{6AF26C66-F59B-4AB3-A43F-64C073A0F477} = {B851199A-4979-E597-3D50-97AC5992BBAF}
		{01D575BE-4A1F-4719-9918-FC0993CF33E6} = {B851199A-4979-E597-3D50-97AC5992BBAF}
		{EC6B0534-A88D-4CE5-BEB4-D8D4BABCB5F9} = {B851199A-4979-E597-3D50-97AC5992BBAF}
		{49BBF607-70E5-4F07-A6F1-E09C98A77665} = {B851199A-4979-E597-3D50-97AC5992BBAF}
		{043F4A5A-4FAF-426D-BD89-0BAFA519113E} = {B851199A-4979-E597-3D50-97AC5992BBAF}
		{C69ADD44-6605-4F0D-9748-17B526483621} = {B851199A-4979-E597-3D50-97AC5992BBAF}
		{2B938FD2-1A65-44EC-BFC5-7C825E3B670B} = {B851199A-4979-E597-3D50-97AC5992BBAF}
		{DBFD0E9B-7750-4495-80CE-0385884B7646} = {B851199A-4979-E597-3D50-97AC5992BBAF}
		{D804A6EF-7B78-4FAB-9C51-940F0C05755A} = {B851199A-4979-E597-3D50-97AC5992BBAF}
		{A4A073E9-462A-4882-AEC0-FEEBC6FE0FA2} = {B851199A-4979-E597-3D50-97AC5992BBAF}
		{EEDB50C3-BBA1-4A30-BDBE-5E91BF5555E9} = {B851199A-4979-E597-3D50-97AC5992BBAF}
		{2BBB9C17-E68D-4DF0-859D-D6C60C4339F3} = {984BB9B3-3FA3-BE33-9484-CAC21695A33C}
		{32E45795-42B7-4B3D-8647-B14229599E32} = {2BBB9C17-E68D-4DF0-859D-D6C60C4339F3}
		{A9051CB2-CDE4-473C-B27E-331790BF2675} = {2BBB9C17-E68D-4DF0-859D-D6C60C4339F3}
		{4E120D1F-B436-4E7D-AF3F-F47B7BB3A59C} = {2BBB9C17-E68D-4DF0-859D-D6C60C4339F3}
		{99AC50A8-4F73-4592-9FD4-DE9DC741E1B7} = {2BBB9C17-E68D-4DF0-859D-D6C60C4339F3}
		{A1B2C3D4-E5F6-7890-ABCD-EF1234567890} = {984BB9B3-3FA3-BE33-9484-CAC21695A33C}
		{B1C2D3E4-F5A6-7890-BCDE-F12345678901} = {A1B2C3D4-E5F6-7890-ABCD-EF1234567890}
		{C1D2E3F4-A5B6-7890-CDEF-123456789012} = {A1B2C3D4-E5F6-7890-ABCD-EF1234567890}
		{D1E2F3A4-B5C6-7890-DEFA-234567890123} = {A1B2C3D4-E5F6-7890-ABCD-EF1234567890}
		{E1F2A3B4-C5D6-7890-EFAB-345678901234} = {A1B2C3D4-E5F6-7890-ABCD-EF1234567890}
		{09EC67AA-AF85-0612-8B26-889B2EB14B9B} = {984BB9B3-3FA3-BE33-9484-CAC21695A33C}
		{C997120B-6DAA-4CB2-93EA-640F15575837} = {09EC67AA-AF85-0612-8B26-889B2EB14B9B}
		{94C107B1-EBC9-458F-829F-EF78DEA61E98} = {09EC67AA-AF85-0612-8B26-889B2EB14B9B}
		{22E6E8E9-9FF7-4D86-A17E-A21AD30DB775} = {09EC67AA-AF85-0612-8B26-889B2EB14B9B}
		{2F61699A-5B26-4FA8-8A94-D613031CF923} = {09EC67AA-AF85-0612-8B26-889B2EB14B9B}
	EndGlobalSection
EndGlobal
