
Microsoft Visual Studio Solution File, Format Version 12.00
# Visual Studio Version 17
VisualStudioVersion = 17.0.31903.59
MinimumVisualStudioVersion = 10.0.40219.1
Project("{2150E333-8FDC-42A3-9474-1A3956D46DE8}") = "src", "src", "{827E0CD3-B72D-47B6-A68D-7590B98EB39B}"
EndProject
Project("{2150E333-8FDC-42A3-9474-1A3956D46DE8}") = "Aspire", "Aspire", "{52BF7FB6-37FF-5100-EFD1-124EFF302675}"
EndProject
Project("{FAE04EC0-301F-11D3-BF4B-00C04F79EFBC}") = "OriginHairCollective.ServiceDefaults", "src\Aspire\OriginHairCollective.ServiceDefaults\OriginHairCollective.ServiceDefaults.csproj", "{59D2B2B4-DC17-4D5A-8B71-1C77D0B06610}"
EndProject
Project("{FAE04EC0-301F-11D3-BF4B-00C04F79EFBC}") = "OriginHairCollective.AppHost", "src\Aspire\OriginHairCollective.AppHost\OriginHairCollective.AppHost.csproj", "{6691A00D-A946-48F4-B3F8-E68F3C7F92BF}"
EndProject
Project("{FAE04EC0-301F-11D3-BF4B-00C04F79EFBC}") = "OriginHairCollective.ApiGateway", "src\Gateway\OriginHairCollective.ApiGateway\OriginHairCollective.ApiGateway.csproj", "{16ED7090-1086-464A-99B5-5BE1160FA13F}"
EndProject
Project("{FAE04EC0-301F-11D3-BF4B-00C04F79EFBC}") = "OriginHairCollective.Shared.Contracts", "src\Shared\OriginHairCollective.Shared.Contracts\OriginHairCollective.Shared.Contracts.csproj", "{2656F3D6-6444-45DE-A82B-4DD294BC53EA}"
EndProject
Project("{FAE04EC0-301F-11D3-BF4B-00C04F79EFBC}") = "OriginHairCollective.Catalog.Core", "src\Services\Catalog\OriginHairCollective.Catalog.Core\OriginHairCollective.Catalog.Core.csproj", "{5CA0E50B-1D7B-4537-9367-8A70AC37F9D3}"
EndProject
Project("{FAE04EC0-301F-11D3-BF4B-00C04F79EFBC}") = "OriginHairCollective.Catalog.Infrastructure", "src\Services\Catalog\OriginHairCollective.Catalog.Infrastructure\OriginHairCollective.Catalog.Infrastructure.csproj", "{88C8C524-83B8-4092-B9A8-B65A8208C61E}"
EndProject
Project("{FAE04EC0-301F-11D3-BF4B-00C04F79EFBC}") = "OriginHairCollective.Catalog.Application", "src\Services\Catalog\OriginHairCollective.Catalog.Application\OriginHairCollective.Catalog.Application.csproj", "{B4444894-C988-4906-82BF-82F6A0B8F0E3}"
EndProject
Project("{FAE04EC0-301F-11D3-BF4B-00C04F79EFBC}") = "OriginHairCollective.Catalog.Api", "src\Services\Catalog\OriginHairCollective.Catalog.Api\OriginHairCollective.Catalog.Api.csproj", "{8A726F17-5F74-471C-ACEA-C684A1064574}"
EndProject
Project("{FAE04EC0-301F-11D3-BF4B-00C04F79EFBC}") = "OriginHairCollective.Inquiry.Core", "src\Services\Inquiry\OriginHairCollective.Inquiry.Core\OriginHairCollective.Inquiry.Core.csproj", "{6A3ACE8A-2971-4499-9E34-867537280D02}"
EndProject
Project("{FAE04EC0-301F-11D3-BF4B-00C04F79EFBC}") = "OriginHairCollective.Inquiry.Infrastructure", "src\Services\Inquiry\OriginHairCollective.Inquiry.Infrastructure\OriginHairCollective.Inquiry.Infrastructure.csproj", "{45A14C8E-11A5-4610-AF38-650249C3B290}"
EndProject
Project("{FAE04EC0-301F-11D3-BF4B-00C04F79EFBC}") = "OriginHairCollective.Inquiry.Application", "src\Services\Inquiry\OriginHairCollective.Inquiry.Application\OriginHairCollective.Inquiry.Application.csproj", "{E2972C50-A0C6-4361-8743-7752941521B4}"
EndProject
Project("{FAE04EC0-301F-11D3-BF4B-00C04F79EFBC}") = "OriginHairCollective.Inquiry.Api", "src\Services\Inquiry\OriginHairCollective.Inquiry.Api\OriginHairCollective.Inquiry.Api.csproj", "{FF7CB3DA-9066-4703-8A4E-FCAD8A1C5BDD}"
EndProject
Project("{2150E333-8FDC-42A3-9474-1A3956D46DE8}") = "Services", "Services", "{984BB9B3-3FA3-BE33-9484-CAC21695A33C}"
EndProject
Project("{2150E333-8FDC-42A3-9474-1A3956D46DE8}") = "Order", "Order", "{B851199A-4979-E597-3D50-97AC5992BBAF}"
EndProject
Project("{FAE04EC0-301F-11D3-BF4B-00C04F79EFBC}") = "OriginHairCollective.Order.Core", "src\Services\Order\OriginHairCollective.Order.Core\OriginHairCollective.Order.Core.csproj", "{10920817-C7F9-4E75-B139-FF706FCE3DF2}"
EndProject
Project("{FAE04EC0-301F-11D3-BF4B-00C04F79EFBC}") = "OriginHairCollective.Order.Infrastructure", "src\Services\Order\OriginHairCollective.Order.Infrastructure\OriginHairCollective.Order.Infrastructure.csproj", "{FAD6F0EE-395D-4FE3-A92B-CBEA3FAE4B23}"
EndProject
Project("{FAE04EC0-301F-11D3-BF4B-00C04F79EFBC}") = "OriginHairCollective.Order.Application", "src\Services\Order\OriginHairCollective.Order.Application\OriginHairCollective.Order.Application.csproj", "{83F831F3-2ACA-420F-A456-5F8FFD747E89}"
EndProject
Project("{FAE04EC0-301F-11D3-BF4B-00C04F79EFBC}") = "OriginHairCollective.Order.Api", "src\Services\Order\OriginHairCollective.Order.Api\OriginHairCollective.Order.Api.csproj", "{C9C9D6A5-DB5F-490F-84B6-7E0A94C57D41}"
EndProject
Project("{FAE04EC0-301F-11D3-BF4B-00C04F79EFBC}") = "OriginHairCollective.Payment.Core", "src\Services\Payment\OriginHairCollective.Payment.Core\OriginHairCollective.Payment.Core.csproj", "{82EB9B49-C40A-4AA9-A8BF-86F35FE5E71D}"
EndProject
Project("{FAE04EC0-301F-11D3-BF4B-00C04F79EFBC}") = "OriginHairCollective.Payment.Infrastructure", "src\Services\Payment\OriginHairCollective.Payment.Infrastructure\OriginHairCollective.Payment.Infrastructure.csproj", "{2FC58F99-D6D4-4882-A316-9C946F3E3EC4}"
EndProject
Project("{FAE04EC0-301F-11D3-BF4B-00C04F79EFBC}") = "OriginHairCollective.Payment.Application", "src\Services\Payment\OriginHairCollective.Payment.Application\OriginHairCollective.Payment.Application.csproj", "{35D0BAE1-1688-4FC6-8025-A3B98F071943}"
EndProject
Project("{FAE04EC0-301F-11D3-BF4B-00C04F79EFBC}") = "OriginHairCollective.Payment.Api", "src\Services\Payment\OriginHairCollective.Payment.Api\OriginHairCollective.Payment.Api.csproj", "{EEC38EE8-B109-44AA-8E57-F08F609A3037}"
EndProject
Project("{FAE04EC0-301F-11D3-BF4B-00C04F79EFBC}") = "OriginHairCollective.Content.Core", "src\Services\Content\OriginHairCollective.Content.Core\OriginHairCollective.Content.Core.csproj", "{1900316F-4D41-447F-AC5F-9E1D6DB52C47}"
EndProject
Project("{FAE04EC0-301F-11D3-BF4B-00C04F79EFBC}") = "OriginHairCollective.Content.Infrastructure", "src\Services\Content\OriginHairCollective.Content.Infrastructure\OriginHairCollective.Content.Infrastructure.csproj", "{6AF26C66-F59B-4AB3-A43F-64C073A0F477}"
EndProject
Project("{FAE04EC0-301F-11D3-BF4B-00C04F79EFBC}") = "OriginHairCollective.Content.Application", "src\Services\Content\OriginHairCollective.Content.Application\OriginHairCollective.Content.Application.csproj", "{01D575BE-4A1F-4719-9918-FC0993CF33E6}"
EndProject
Project("{FAE04EC0-301F-11D3-BF4B-00C04F79EFBC}") = "OriginHairCollective.Content.Api", "src\Services\Content\OriginHairCollective.Content.Api\OriginHairCollective.Content.Api.csproj", "{EC6B0534-A88D-4CE5-BEB4-D8D4BABCB5F9}"
EndProject
Project("{FAE04EC0-301F-11D3-BF4B-00C04F79EFBC}") = "OriginHairCollective.Notification.Core", "src\Services\Notification\OriginHairCollective.Notification.Core\OriginHairCollective.Notification.Core.csproj", "{49BBF607-70E5-4F07-A6F1-E09C98A77665}"
EndProject
Project("{FAE04EC0-301F-11D3-BF4B-00C04F79EFBC}") = "OriginHairCollective.Notification.Infrastructure", "src\Services\Notification\OriginHairCollective.Notification.Infrastructure\OriginHairCollective.Notification.Infrastructure.csproj", "{043F4A5A-4FAF-426D-BD89-0BAFA519113E}"
EndProject
Project("{FAE04EC0-301F-11D3-BF4B-00C04F79EFBC}") = "OriginHairCollective.Notification.Application", "src\Services\Notification\OriginHairCollective.Notification.Application\OriginHairCollective.Notification.Application.csproj", "{C69ADD44-6605-4F0D-9748-17B526483621}"
EndProject
Project("{FAE04EC0-301F-11D3-BF4B-00C04F79EFBC}") = "OriginHairCollective.Notification.Api", "src\Services\Notification\OriginHairCollective.Notification.Api\OriginHairCollective.Notification.Api.csproj", "{2B938FD2-1A65-44EC-BFC5-7C825E3B670B}"
EndProject
Project("{FAE04EC0-301F-11D3-BF4B-00C04F79EFBC}") = "OriginHairCollective.Identity.Core", "src\Services\Identity\OriginHairCollective.Identity.Core\OriginHairCollective.Identity.Core.csproj", "{DBFD0E9B-7750-4495-80CE-0385884B7646}"
EndProject
Project("{FAE04EC0-301F-11D3-BF4B-00C04F79EFBC}") = "OriginHairCollective.Identity.Infrastructure", "src\Services\Identity\OriginHairCollective.Identity.Infrastructure\OriginHairCollective.Identity.Infrastructure.csproj", "{D804A6EF-7B78-4FAB-9C51-940F0C05755A}"
EndProject
Project("{FAE04EC0-301F-11D3-BF4B-00C04F79EFBC}") = "OriginHairCollective.Identity.Application", "src\Services\Identity\OriginHairCollective.Identity.Application\OriginHairCollective.Identity.Application.csproj", "{A4A073E9-462A-4882-AEC0-FEEBC6FE0FA2}"
EndProject
Project("{FAE04EC0-301F-11D3-BF4B-00C04F79EFBC}") = "OriginHairCollective.Identity.Api", "src\Services\Identity\OriginHairCollective.Identity.Api\OriginHairCollective.Identity.Api.csproj", "{EEDB50C3-BBA1-4A30-BDBE-5E91BF5555E9}"
EndProject
Global
	GlobalSection(SolutionConfigurationPlatforms) = preSolution
		Debug|Any CPU = Debug|Any CPU
		Debug|x64 = Debug|x64
		Debug|x86 = Debug|x86
		Release|Any CPU = Release|Any CPU
		Release|x64 = Release|x64
		Release|x86 = Release|x86
	EndGlobalSection
	GlobalSection(ProjectConfigurationPlatforms) = postSolution
		{59D2B2B4-DC17-4D5A-8B71-1C77D0B06610}.Debug|Any CPU.ActiveCfg = Debug|Any CPU
		{59D2B2B4-DC17-4D5A-8B71-1C77D0B06610}.Debug|Any CPU.Build.0 = Debug|Any CPU
		{59D2B2B4-DC17-4D5A-8B71-1C77D0B06610}.Debug|x64.ActiveCfg = Debug|Any CPU
		{59D2B2B4-DC17-4D5A-8B71-1C77D0B06610}.Debug|x64.Build.0 = Debug|Any CPU
		{59D2B2B4-DC17-4D5A-8B71-1C77D0B06610}.Debug|x86.ActiveCfg = Debug|Any CPU
		{59D2B2B4-DC17-4D5A-8B71-1C77D0B06610}.Debug|x86.Build.0 = Debug|Any CPU
		{59D2B2B4-DC17-4D5A-8B71-1C77D0B06610}.Release|Any CPU.ActiveCfg = Release|Any CPU
		{59D2B2B4-DC17-4D5A-8B71-1C77D0B06610}.Release|Any CPU.Build.0 = Release|Any CPU
		{59D2B2B4-DC17-4D5A-8B71-1C77D0B06610}.Release|x64.ActiveCfg = Release|Any CPU
		{59D2B2B4-DC17-4D5A-8B71-1C77D0B06610}.Release|x64.Build.0 = Release|Any CPU
		{59D2B2B4-DC17-4D5A-8B71-1C77D0B06610}.Release|x86.ActiveCfg = Release|Any CPU
		{59D2B2B4-DC17-4D5A-8B71-1C77D0B06610}.Release|x86.Build.0 = Release|Any CPU
		{6691A00D-A946-48F4-B3F8-E68F3C7F92BF}.Debug|Any CPU.ActiveCfg = Debug|Any CPU
		{6691A00D-A946-48F4-B3F8-E68F3C7F92BF}.Debug|Any CPU.Build.0 = Debug|Any CPU
		{6691A00D-A946-48F4-B3F8-E68F3C7F92BF}.Debug|x64.ActiveCfg = Debug|Any CPU
		{6691A00D-A946-48F4-B3F8-E68F3C7F92BF}.Debug|x64.Build.0 = Debug|Any CPU
		{6691A00D-A946-48F4-B3F8-E68F3C7F92BF}.Debug|x86.ActiveCfg = Debug|Any CPU
		{6691A00D-A946-48F4-B3F8-E68F3C7F92BF}.Debug|x86.Build.0 = Debug|Any CPU
		{6691A00D-A946-48F4-B3F8-E68F3C7F92BF}.Release|Any CPU.ActiveCfg = Release|Any CPU
		{6691A00D-A946-48F4-B3F8-E68F3C7F92BF}.Release|Any CPU.Build.0 = Release|Any CPU
		{6691A00D-A946-48F4-B3F8-E68F3C7F92BF}.Release|x64.ActiveCfg = Release|Any CPU
		{6691A00D-A946-48F4-B3F8-E68F3C7F92BF}.Release|x64.Build.0 = Release|Any CPU
		{6691A00D-A946-48F4-B3F8-E68F3C7F92BF}.Release|x86.ActiveCfg = Release|Any CPU
		{6691A00D-A946-48F4-B3F8-E68F3C7F92BF}.Release|x86.Build.0 = Release|Any CPU
		{16ED7090-1086-464A-99B5-5BE1160FA13F}.Debug|Any CPU.ActiveCfg = Debug|Any CPU
		{16ED7090-1086-464A-99B5-5BE1160FA13F}.Debug|Any CPU.Build.0 = Debug|Any CPU
		{16ED7090-1086-464A-99B5-5BE1160FA13F}.Debug|x64.ActiveCfg = Debug|Any CPU
		{16ED7090-1086-464A-99B5-5BE1160FA13F}.Debug|x64.Build.0 = Debug|Any CPU
		{16ED7090-1086-464A-99B5-5BE1160FA13F}.Debug|x86.ActiveCfg = Debug|Any CPU
		{16ED7090-1086-464A-99B5-5BE1160FA13F}.Debug|x86.Build.0 = Debug|Any CPU
		{16ED7090-1086-464A-99B5-5BE1160FA13F}.Release|Any CPU.ActiveCfg = Release|Any CPU
		{16ED7090-1086-464A-99B5-5BE1160FA13F}.Release|Any CPU.Build.0 = Release|Any CPU
		{16ED7090-1086-464A-99B5-5BE1160FA13F}.Release|x64.ActiveCfg = Release|Any CPU
		{16ED7090-1086-464A-99B5-5BE1160FA13F}.Release|x64.Build.0 = Release|Any CPU
		{16ED7090-1086-464A-99B5-5BE1160FA13F}.Release|x86.ActiveCfg = Release|Any CPU
		{16ED7090-1086-464A-99B5-5BE1160FA13F}.Release|x86.Build.0 = Release|Any CPU
		{2656F3D6-6444-45DE-A82B-4DD294BC53EA}.Debug|Any CPU.ActiveCfg = Debug|Any CPU
		{2656F3D6-6444-45DE-A82B-4DD294BC53EA}.Debug|Any CPU.Build.0 = Debug|Any CPU
		{2656F3D6-6444-45DE-A82B-4DD294BC53EA}.Debug|x64.ActiveCfg = Debug|Any CPU
		{2656F3D6-6444-45DE-A82B-4DD294BC53EA}.Debug|x64.Build.0 = Debug|Any CPU
		{2656F3D6-6444-45DE-A82B-4DD294BC53EA}.Debug|x86.ActiveCfg = Debug|Any CPU
		{2656F3D6-6444-45DE-A82B-4DD294BC53EA}.Debug|x86.Build.0 = Debug|Any CPU
		{2656F3D6-6444-45DE-A82B-4DD294BC53EA}.Release|Any CPU.ActiveCfg = Release|Any CPU
		{2656F3D6-6444-45DE-A82B-4DD294BC53EA}.Release|Any CPU.Build.0 = Release|Any CPU
		{2656F3D6-6444-45DE-A82B-4DD294BC53EA}.Release|x64.ActiveCfg = Release|Any CPU
		{2656F3D6-6444-45DE-A82B-4DD294BC53EA}.Release|x64.Build.0 = Release|Any CPU
		{2656F3D6-6444-45DE-A82B-4DD294BC53EA}.Release|x86.ActiveCfg = Release|Any CPU
		{2656F3D6-6444-45DE-A82B-4DD294BC53EA}.Release|x86.Build.0 = Release|Any CPU
		{5CA0E50B-1D7B-4537-9367-8A70AC37F9D3}.Debug|Any CPU.ActiveCfg = Debug|Any CPU
		{5CA0E50B-1D7B-4537-9367-8A70AC37F9D3}.Debug|Any CPU.Build.0 = Debug|Any CPU
		{5CA0E50B-1D7B-4537-9367-8A70AC37F9D3}.Debug|x64.ActiveCfg = Debug|Any CPU
		{5CA0E50B-1D7B-4537-9367-8A70AC37F9D3}.Debug|x64.Build.0 = Debug|Any CPU
		{5CA0E50B-1D7B-4537-9367-8A70AC37F9D3}.Debug|x86.ActiveCfg = Debug|Any CPU
		{5CA0E50B-1D7B-4537-9367-8A70AC37F9D3}.Debug|x86.Build.0 = Debug|Any CPU
		{5CA0E50B-1D7B-4537-9367-8A70AC37F9D3}.Release|Any CPU.ActiveCfg = Release|Any CPU
		{5CA0E50B-1D7B-4537-9367-8A70AC37F9D3}.Release|Any CPU.Build.0 = Release|Any CPU
		{5CA0E50B-1D7B-4537-9367-8A70AC37F9D3}.Release|x64.ActiveCfg = Release|Any CPU
		{5CA0E50B-1D7B-4537-9367-8A70AC37F9D3}.Release|x64.Build.0 = Release|Any CPU
		{5CA0E50B-1D7B-4537-9367-8A70AC37F9D3}.Release|x86.ActiveCfg = Release|Any CPU
		{5CA0E50B-1D7B-4537-9367-8A70AC37F9D3}.Release|x86.Build.0 = Release|Any CPU
		{88C8C524-83B8-4092-B9A8-B65A8208C61E}.Debug|Any CPU.ActiveCfg = Debug|Any CPU
		{88C8C524-83B8-4092-B9A8-B65A8208C61E}.Debug|Any CPU.Build.0 = Debug|Any CPU
		{88C8C524-83B8-4092-B9A8-B65A8208C61E}.Debug|x64.ActiveCfg = Debug|Any CPU
		{88C8C524-83B8-4092-B9A8-B65A8208C61E}.Debug|x64.Build.0 = Debug|Any CPU
		{88C8C524-83B8-4092-B9A8-B65A8208C61E}.Debug|x86.ActiveCfg = Debug|Any CPU
		{88C8C524-83B8-4092-B9A8-B65A8208C61E}.Debug|x86.Build.0 = Debug|Any CPU
		{88C8C524-83B8-4092-B9A8-B65A8208C61E}.Release|Any CPU.ActiveCfg = Release|Any CPU
		{88C8C524-83B8-4092-B9A8-B65A8208C61E}.Release|Any CPU.Build.0 = Release|Any CPU
		{88C8C524-83B8-4092-B9A8-B65A8208C61E}.Release|x64.ActiveCfg = Release|Any CPU
		{88C8C524-83B8-4092-B9A8-B65A8208C61E}.Release|x64.Build.0 = Release|Any CPU
		{88C8C524-83B8-4092-B9A8-B65A8208C61E}.Release|x86.ActiveCfg = Release|Any CPU
		{88C8C524-83B8-4092-B9A8-B65A8208C61E}.Release|x86.Build.0 = Release|Any CPU
		{B4444894-C988-4906-82BF-82F6A0B8F0E3}.Debug|Any CPU.ActiveCfg = Debug|Any CPU
		{B4444894-C988-4906-82BF-82F6A0B8F0E3}.Debug|Any CPU.Build.0 = Debug|Any CPU
		{B4444894-C988-4906-82BF-82F6A0B8F0E3}.Debug|x64.ActiveCfg = Debug|Any CPU
		{B4444894-C988-4906-82BF-82F6A0B8F0E3}.Debug|x64.Build.0 = Debug|Any CPU
		{B4444894-C988-4906-82BF-82F6A0B8F0E3}.Debug|x86.ActiveCfg = Debug|Any CPU
		{B4444894-C988-4906-82BF-82F6A0B8F0E3}.Debug|x86.Build.0 = Debug|Any CPU
		{B4444894-C988-4906-82BF-82F6A0B8F0E3}.Release|Any CPU.ActiveCfg = Release|Any CPU
		{B4444894-C988-4906-82BF-82F6A0B8F0E3}.Release|Any CPU.Build.0 = Release|Any CPU
		{B4444894-C988-4906-82BF-82F6A0B8F0E3}.Release|x64.ActiveCfg = Release|Any CPU
		{B4444894-C988-4906-82BF-82F6A0B8F0E3}.Release|x64.Build.0 = Release|Any CPU
		{B4444894-C988-4906-82BF-82F6A0B8F0E3}.Release|x86.ActiveCfg = Release|Any CPU
		{B4444894-C988-4906-82BF-82F6A0B8F0E3}.Release|x86.Build.0 = Release|Any CPU
		{8A726F17-5F74-471C-ACEA-C684A1064574}.Debug|Any CPU.ActiveCfg = Debug|Any CPU
		{8A726F17-5F74-471C-ACEA-C684A1064574}.Debug|Any CPU.Build.0 = Debug|Any CPU
		{8A726F17-5F74-471C-ACEA-C684A1064574}.Debug|x64.ActiveCfg = Debug|Any CPU
		{8A726F17-5F74-471C-ACEA-C684A1064574}.Debug|x64.Build.0 = Debug|Any CPU
		{8A726F17-5F74-471C-ACEA-C684A1064574}.Debug|x86.ActiveCfg = Debug|Any CPU
		{8A726F17-5F74-471C-ACEA-C684A1064574}.Debug|x86.Build.0 = Debug|Any CPU
		{8A726F17-5F74-471C-ACEA-C684A1064574}.Release|Any CPU.ActiveCfg = Release|Any CPU
		{8A726F17-5F74-471C-ACEA-C684A1064574}.Release|Any CPU.Build.0 = Release|Any CPU
		{8A726F17-5F74-471C-ACEA-C684A1064574}.Release|x64.ActiveCfg = Release|Any CPU
		{8A726F17-5F74-471C-ACEA-C684A1064574}.Release|x64.Build.0 = Release|Any CPU
		{8A726F17-5F74-471C-ACEA-C684A1064574}.Release|x86.ActiveCfg = Release|Any CPU
		{8A726F17-5F74-471C-ACEA-C684A1064574}.Release|x86.Build.0 = Release|Any CPU
		{6A3ACE8A-2971-4499-9E34-867537280D02}.Debug|Any CPU.ActiveCfg = Debug|Any CPU
		{6A3ACE8A-2971-4499-9E34-867537280D02}.Debug|Any CPU.Build.0 = Debug|Any CPU
		{6A3ACE8A-2971-4499-9E34-867537280D02}.Debug|x64.ActiveCfg = Debug|Any CPU
		{6A3ACE8A-2971-4499-9E34-867537280D02}.Debug|x64.Build.0 = Debug|Any CPU
		{6A3ACE8A-2971-4499-9E34-867537280D02}.Debug|x86.ActiveCfg = Debug|Any CPU
		{6A3ACE8A-2971-4499-9E34-867537280D02}.Debug|x86.Build.0 = Debug|Any CPU
		{6A3ACE8A-2971-4499-9E34-867537280D02}.Release|Any CPU.ActiveCfg = Release|Any CPU
		{6A3ACE8A-2971-4499-9E34-867537280D02}.Release|Any CPU.Build.0 = Release|Any CPU
		{6A3ACE8A-2971-4499-9E34-867537280D02}.Release|x64.ActiveCfg = Release|Any CPU
		{6A3ACE8A-2971-4499-9E34-867537280D02}.Release|x64.Build.0 = Release|Any CPU
		{6A3ACE8A-2971-4499-9E34-867537280D02}.Release|x86.ActiveCfg = Release|Any CPU
		{6A3ACE8A-2971-4499-9E34-867537280D02}.Release|x86.Build.0 = Release|Any CPU
		{45A14C8E-11A5-4610-AF38-650249C3B290}.Debug|Any CPU.ActiveCfg = Debug|Any CPU
		{45A14C8E-11A5-4610-AF38-650249C3B290}.Debug|Any CPU.Build.0 = Debug|Any CPU
		{45A14C8E-11A5-4610-AF38-650249C3B290}.Debug|x64.ActiveCfg = Debug|Any CPU
		{45A14C8E-11A5-4610-AF38-650249C3B290}.Debug|x64.Build.0 = Debug|Any CPU
		{45A14C8E-11A5-4610-AF38-650249C3B290}.Debug|x86.ActiveCfg = Debug|Any CPU
		{45A14C8E-11A5-4610-AF38-650249C3B290}.Debug|x86.Build.0 = Debug|Any CPU
		{45A14C8E-11A5-4610-AF38-650249C3B290}.Release|Any CPU.ActiveCfg = Release|Any CPU
		{45A14C8E-11A5-4610-AF38-650249C3B290}.Release|Any CPU.Build.0 = Release|Any CPU
		{45A14C8E-11A5-4610-AF38-650249C3B290}.Release|x64.ActiveCfg = Release|Any CPU
		{45A14C8E-11A5-4610-AF38-650249C3B290}.Release|x64.Build.0 = Release|Any CPU
		{45A14C8E-11A5-4610-AF38-650249C3B290}.Release|x86.ActiveCfg = Release|Any CPU
		{45A14C8E-11A5-4610-AF38-650249C3B290}.Release|x86.Build.0 = Release|Any CPU
		{E2972C50-A0C6-4361-8743-7752941521B4}.Debug|Any CPU.ActiveCfg = Debug|Any CPU
		{E2972C50-A0C6-4361-8743-7752941521B4}.Debug|Any CPU.Build.0 = Debug|Any CPU
		{E2972C50-A0C6-4361-8743-7752941521B4}.Debug|x64.ActiveCfg = Debug|Any CPU
		{E2972C50-A0C6-4361-8743-7752941521B4}.Debug|x64.Build.0 = Debug|Any CPU
		{E2972C50-A0C6-4361-8743-7752941521B4}.Debug|x86.ActiveCfg = Debug|Any CPU
		{E2972C50-A0C6-4361-8743-7752941521B4}.Debug|x86.Build.0 = Debug|Any CPU
		{E2972C50-A0C6-4361-8743-7752941521B4}.Release|Any CPU.ActiveCfg = Release|Any CPU
		{E2972C50-A0C6-4361-8743-7752941521B4}.Release|Any CPU.Build.0 = Release|Any CPU
		{E2972C50-A0C6-4361-8743-7752941521B4}.Release|x64.ActiveCfg = Release|Any CPU
		{E2972C50-A0C6-4361-8743-7752941521B4}.Release|x64.Build.0 = Release|Any CPU
		{E2972C50-A0C6-4361-8743-7752941521B4}.Release|x86.ActiveCfg = Release|Any CPU
		{E2972C50-A0C6-4361-8743-7752941521B4}.Release|x86.Build.0 = Release|Any CPU
		{FF7CB3DA-9066-4703-8A4E-FCAD8A1C5BDD}.Debug|Any CPU.ActiveCfg = Debug|Any CPU
		{FF7CB3DA-9066-4703-8A4E-FCAD8A1C5BDD}.Debug|Any CPU.Build.0 = Debug|Any CPU
		{FF7CB3DA-9066-4703-8A4E-FCAD8A1C5BDD}.Debug|x64.ActiveCfg = Debug|Any CPU
		{FF7CB3DA-9066-4703-8A4E-FCAD8A1C5BDD}.Debug|x64.Build.0 = Debug|Any CPU
		{FF7CB3DA-9066-4703-8A4E-FCAD8A1C5BDD}.Debug|x86.ActiveCfg = Debug|Any CPU
		{FF7CB3DA-9066-4703-8A4E-FCAD8A1C5BDD}.Debug|x86.Build.0 = Debug|Any CPU
		{FF7CB3DA-9066-4703-8A4E-FCAD8A1C5BDD}.Release|Any CPU.ActiveCfg = Release|Any CPU
		{FF7CB3DA-9066-4703-8A4E-FCAD8A1C5BDD}.Release|Any CPU.Build.0 = Release|Any CPU
		{FF7CB3DA-9066-4703-8A4E-FCAD8A1C5BDD}.Release|x64.ActiveCfg = Release|Any CPU
		{FF7CB3DA-9066-4703-8A4E-FCAD8A1C5BDD}.Release|x64.Build.0 = Release|Any CPU
		{FF7CB3DA-9066-4703-8A4E-FCAD8A1C5BDD}.Release|x86.ActiveCfg = Release|Any CPU
		{FF7CB3DA-9066-4703-8A4E-FCAD8A1C5BDD}.Release|x86.Build.0 = Release|Any CPU
		{10920817-C7F9-4E75-B139-FF706FCE3DF2}.Debug|Any CPU.ActiveCfg = Debug|Any CPU
		{10920817-C7F9-4E75-B139-FF706FCE3DF2}.Debug|Any CPU.Build.0 = Debug|Any CPU
		{10920817-C7F9-4E75-B139-FF706FCE3DF2}.Debug|x64.ActiveCfg = Debug|Any CPU
		{10920817-C7F9-4E75-B139-FF706FCE3DF2}.Debug|x64.Build.0 = Debug|Any CPU
		{10920817-C7F9-4E75-B139-FF706FCE3DF2}.Debug|x86.ActiveCfg = Debug|Any CPU
		{10920817-C7F9-4E75-B139-FF706FCE3DF2}.Debug|x86.Build.0 = Debug|Any CPU
		{10920817-C7F9-4E75-B139-FF706FCE3DF2}.Release|Any CPU.ActiveCfg = Release|Any CPU
		{10920817-C7F9-4E75-B139-FF706FCE3DF2}.Release|Any CPU.Build.0 = Release|Any CPU
		{10920817-C7F9-4E75-B139-FF706FCE3DF2}.Release|x64.ActiveCfg = Release|Any CPU
		{10920817-C7F9-4E75-B139-FF706FCE3DF2}.Release|x64.Build.0 = Release|Any CPU
		{10920817-C7F9-4E75-B139-FF706FCE3DF2}.Release|x86.ActiveCfg = Release|Any CPU
		{10920817-C7F9-4E75-B139-FF706FCE3DF2}.Release|x86.Build.0 = Release|Any CPU
		{FAD6F0EE-395D-4FE3-A92B-CBEA3FAE4B23}.Debug|Any CPU.ActiveCfg = Debug|Any CPU
		{FAD6F0EE-395D-4FE3-A92B-CBEA3FAE4B23}.Debug|Any CPU.Build.0 = Debug|Any CPU
		{FAD6F0EE-395D-4FE3-A92B-CBEA3FAE4B23}.Debug|x64.ActiveCfg = Debug|Any CPU
		{FAD6F0EE-395D-4FE3-A92B-CBEA3FAE4B23}.Debug|x64.Build.0 = Debug|Any CPU
		{FAD6F0EE-395D-4FE3-A92B-CBEA3FAE4B23}.Debug|x86.ActiveCfg = Debug|Any CPU
		{FAD6F0EE-395D-4FE3-A92B-CBEA3FAE4B23}.Debug|x86.Build.0 = Debug|Any CPU
		{FAD6F0EE-395D-4FE3-A92B-CBEA3FAE4B23}.Release|Any CPU.ActiveCfg = Release|Any CPU
		{FAD6F0EE-395D-4FE3-A92B-CBEA3FAE4B23}.Release|Any CPU.Build.0 = Release|Any CPU
		{FAD6F0EE-395D-4FE3-A92B-CBEA3FAE4B23}.Release|x64.ActiveCfg = Release|Any CPU
		{FAD6F0EE-395D-4FE3-A92B-CBEA3FAE4B23}.Release|x64.Build.0 = Release|Any CPU
		{FAD6F0EE-395D-4FE3-A92B-CBEA3FAE4B23}.Release|x86.ActiveCfg = Release|Any CPU
		{FAD6F0EE-395D-4FE3-A92B-CBEA3FAE4B23}.Release|x86.Build.0 = Release|Any CPU
		{83F831F3-2ACA-420F-A456-5F8FFD747E89}.Debug|Any CPU.ActiveCfg = Debug|Any CPU
		{83F831F3-2ACA-420F-A456-5F8FFD747E89}.Debug|Any CPU.Build.0 = Debug|Any CPU
		{83F831F3-2ACA-420F-A456-5F8FFD747E89}.Debug|x64.ActiveCfg = Debug|Any CPU
		{83F831F3-2ACA-420F-A456-5F8FFD747E89}.Debug|x64.Build.0 = Debug|Any CPU
		{83F831F3-2ACA-420F-A456-5F8FFD747E89}.Debug|x86.ActiveCfg = Debug|Any CPU
		{83F831F3-2ACA-420F-A456-5F8FFD747E89}.Debug|x86.Build.0 = Debug|Any CPU
		{83F831F3-2ACA-420F-A456-5F8FFD747E89}.Release|Any CPU.ActiveCfg = Release|Any CPU
		{83F831F3-2ACA-420F-A456-5F8FFD747E89}.Release|Any CPU.Build.0 = Release|Any CPU
		{83F831F3-2ACA-420F-A456-5F8FFD747E89}.Release|x64.ActiveCfg = Release|Any CPU
		{83F831F3-2ACA-420F-A456-5F8FFD747E89}.Release|x64.Build.0 = Release|Any CPU
		{83F831F3-2ACA-420F-A456-5F8FFD747E89}.Release|x86.ActiveCfg = Release|Any CPU
		{83F831F3-2ACA-420F-A456-5F8FFD747E89}.Release|x86.Build.0 = Release|Any CPU
		{C9C9D6A5-DB5F-490F-84B6-7E0A94C57D41}.Debug|Any CPU.ActiveCfg = Debug|Any CPU
		{C9C9D6A5-DB5F-490F-84B6-7E0A94C57D41}.Debug|Any CPU.Build.0 = Debug|Any CPU
		{C9C9D6A5-DB5F-490F-84B6-7E0A94C57D41}.Debug|x64.ActiveCfg = Debug|Any CPU
		{C9C9D6A5-DB5F-490F-84B6-7E0A94C57D41}.Debug|x64.Build.0 = Debug|Any CPU
		{C9C9D6A5-DB5F-490F-84B6-7E0A94C57D41}.Debug|x86.ActiveCfg = Debug|Any CPU
		{C9C9D6A5-DB5F-490F-84B6-7E0A94C57D41}.Debug|x86.Build.0 = Debug|Any CPU
		{C9C9D6A5-DB5F-490F-84B6-7E0A94C57D41}.Release|Any CPU.ActiveCfg = Release|Any CPU
		{C9C9D6A5-DB5F-490F-84B6-7E0A94C57D41}.Release|Any CPU.Build.0 = Release|Any CPU
		{C9C9D6A5-DB5F-490F-84B6-7E0A94C57D41}.Release|x64.ActiveCfg = Release|Any CPU
		{C9C9D6A5-DB5F-490F-84B6-7E0A94C57D41}.Release|x64.Build.0 = Release|Any CPU
		{C9C9D6A5-DB5F-490F-84B6-7E0A94C57D41}.Release|x86.ActiveCfg = Release|Any CPU
		{C9C9D6A5-DB5F-490F-84B6-7E0A94C57D41}.Release|x86.Build.0 = Release|Any CPU
		{82EB9B49-C40A-4AA9-A8BF-86F35FE5E71D}.Debug|Any CPU.ActiveCfg = Debug|Any CPU
		{82EB9B49-C40A-4AA9-A8BF-86F35FE5E71D}.Debug|Any CPU.Build.0 = Debug|Any CPU
		{82EB9B49-C40A-4AA9-A8BF-86F35FE5E71D}.Debug|x64.ActiveCfg = Debug|Any CPU
		{82EB9B49-C40A-4AA9-A8BF-86F35FE5E71D}.Debug|x64.Build.0 = Debug|Any CPU
		{82EB9B49-C40A-4AA9-A8BF-86F35FE5E71D}.Debug|x86.ActiveCfg = Debug|Any CPU
		{82EB9B49-C40A-4AA9-A8BF-86F35FE5E71D}.Debug|x86.Build.0 = Debug|Any CPU
		{82EB9B49-C40A-4AA9-A8BF-86F35FE5E71D}.Release|Any CPU.ActiveCfg = Release|Any CPU
		{82EB9B49-C40A-4AA9-A8BF-86F35FE5E71D}.Release|Any CPU.Build.0 = Release|Any CPU
		{82EB9B49-C40A-4AA9-A8BF-86F35FE5E71D}.Release|x64.ActiveCfg = Release|Any CPU
		{82EB9B49-C40A-4AA9-A8BF-86F35FE5E71D}.Release|x64.Build.0 = Release|Any CPU
		{82EB9B49-C40A-4AA9-A8BF-86F35FE5E71D}.Release|x86.ActiveCfg = Release|Any CPU
		{82EB9B49-C40A-4AA9-A8BF-86F35FE5E71D}.Release|x86.Build.0 = Release|Any CPU
		{2FC58F99-D6D4-4882-A316-9C946F3E3EC4}.Debug|Any CPU.ActiveCfg = Debug|Any CPU
		{2FC58F99-D6D4-4882-A316-9C946F3E3EC4}.Debug|Any CPU.Build.0 = Debug|Any CPU
		{2FC58F99-D6D4-4882-A316-9C946F3E3EC4}.Debug|x64.ActiveCfg = Debug|Any CPU
		{2FC58F99-D6D4-4882-A316-9C946F3E3EC4}.Debug|x64.Build.0 = Debug|Any CPU
		{2FC58F99-D6D4-4882-A316-9C946F3E3EC4}.Debug|x86.ActiveCfg = Debug|Any CPU
		{2FC58F99-D6D4-4882-A316-9C946F3E3EC4}.Debug|x86.Build.0 = Debug|Any CPU
		{2FC58F99-D6D4-4882-A316-9C946F3E3EC4}.Release|Any CPU.ActiveCfg = Release|Any CPU
		{2FC58F99-D6D4-4882-A316-9C946F3E3EC4}.Release|Any CPU.Build.0 = Release|Any CPU
		{2FC58F99-D6D4-4882-A316-9C946F3E3EC4}.Release|x64.ActiveCfg = Release|Any CPU
		{2FC58F99-D6D4-4882-A316-9C946F3E3EC4}.Release|x64.Build.0 = Release|Any CPU
		{2FC58F99-D6D4-4882-A316-9C946F3E3EC4}.Release|x86.ActiveCfg = Release|Any CPU
		{2FC58F99-D6D4-4882-A316-9C946F3E3EC4}.Release|x86.Build.0 = Release|Any CPU
		{35D0BAE1-1688-4FC6-8025-A3B98F071943}.Debug|Any CPU.ActiveCfg = Debug|Any CPU
		{35D0BAE1-1688-4FC6-8025-A3B98F071943}.Debug|Any CPU.Build.0 = Debug|Any CPU
		{35D0BAE1-1688-4FC6-8025-A3B98F071943}.Debug|x64.ActiveCfg = Debug|Any CPU
		{35D0BAE1-1688-4FC6-8025-A3B98F071943}.Debug|x64.Build.0 = Debug|Any CPU
		{35D0BAE1-1688-4FC6-8025-A3B98F071943}.Debug|x86.ActiveCfg = Debug|Any CPU
		{35D0BAE1-1688-4FC6-8025-A3B98F071943}.Debug|x86.Build.0 = Debug|Any CPU
		{35D0BAE1-1688-4FC6-8025-A3B98F071943}.Release|Any CPU.ActiveCfg = Release|Any CPU
		{35D0BAE1-1688-4FC6-8025-A3B98F071943}.Release|Any CPU.Build.0 = Release|Any CPU
		{35D0BAE1-1688-4FC6-8025-A3B98F071943}.Release|x64.ActiveCfg = Release|Any CPU
		{35D0BAE1-1688-4FC6-8025-A3B98F071943}.Release|x64.Build.0 = Release|Any CPU
		{35D0BAE1-1688-4FC6-8025-A3B98F071943}.Release|x86.ActiveCfg = Release|Any CPU
		{35D0BAE1-1688-4FC6-8025-A3B98F071943}.Release|x86.Build.0 = Release|Any CPU
		{EEC38EE8-B109-44AA-8E57-F08F609A3037}.Debug|Any CPU.ActiveCfg = Debug|Any CPU
		{EEC38EE8-B109-44AA-8E57-F08F609A3037}.Debug|Any CPU.Build.0 = Debug|Any CPU
		{EEC38EE8-B109-44AA-8E57-F08F609A3037}.Debug|x64.ActiveCfg = Debug|Any CPU
		{EEC38EE8-B109-44AA-8E57-F08F609A3037}.Debug|x64.Build.0 = Debug|Any CPU
		{EEC38EE8-B109-44AA-8E57-F08F609A3037}.Debug|x86.ActiveCfg = Debug|Any CPU
		{EEC38EE8-B109-44AA-8E57-F08F609A3037}.Debug|x86.Build.0 = Debug|Any CPU
		{EEC38EE8-B109-44AA-8E57-F08F609A3037}.Release|Any CPU.ActiveCfg = Release|Any CPU
		{EEC38EE8-B109-44AA-8E57-F08F609A3037}.Release|Any CPU.Build.0 = Release|Any CPU
		{EEC38EE8-B109-44AA-8E57-F08F609A3037}.Release|x64.ActiveCfg = Release|Any CPU
		{EEC38EE8-B109-44AA-8E57-F08F609A3037}.Release|x64.Build.0 = Release|Any CPU
		{EEC38EE8-B109-44AA-8E57-F08F609A3037}.Release|x86.ActiveCfg = Release|Any CPU
		{EEC38EE8-B109-44AA-8E57-F08F609A3037}.Release|x86.Build.0 = Release|Any CPU
		{1900316F-4D41-447F-AC5F-9E1D6DB52C47}.Debug|Any CPU.ActiveCfg = Debug|Any CPU
		{1900316F-4D41-447F-AC5F-9E1D6DB52C47}.Debug|Any CPU.Build.0 = Debug|Any CPU
		{1900316F-4D41-447F-AC5F-9E1D6DB52C47}.Debug|x64.ActiveCfg = Debug|Any CPU
		{1900316F-4D41-447F-AC5F-9E1D6DB52C47}.Debug|x64.Build.0 = Debug|Any CPU
		{1900316F-4D41-447F-AC5F-9E1D6DB52C47}.Debug|x86.ActiveCfg = Debug|Any CPU
		{1900316F-4D41-447F-AC5F-9E1D6DB52C47}.Debug|x86.Build.0 = Debug|Any CPU
		{1900316F-4D41-447F-AC5F-9E1D6DB52C47}.Release|Any CPU.ActiveCfg = Release|Any CPU
		{1900316F-4D41-447F-AC5F-9E1D6DB52C47}.Release|Any CPU.Build.0 = Release|Any CPU
		{1900316F-4D41-447F-AC5F-9E1D6DB52C47}.Release|x64.ActiveCfg = Release|Any CPU
		{1900316F-4D41-447F-AC5F-9E1D6DB52C47}.Release|x64.Build.0 = Release|Any CPU
		{1900316F-4D41-447F-AC5F-9E1D6DB52C47}.Release|x86.ActiveCfg = Release|Any CPU
		{1900316F-4D41-447F-AC5F-9E1D6DB52C47}.Release|x86.Build.0 = Release|Any CPU
		{6AF26C66-F59B-4AB3-A43F-64C073A0F477}.Debug|Any CPU.ActiveCfg = Debug|Any CPU
		{6AF26C66-F59B-4AB3-A43F-64C073A0F477}.Debug|Any CPU.Build.0 = Debug|Any CPU
		{6AF26C66-F59B-4AB3-A43F-64C073A0F477}.Debug|x64.ActiveCfg = Debug|Any CPU
		{6AF26C66-F59B-4AB3-A43F-64C073A0F477}.Debug|x64.Build.0 = Debug|Any CPU
		{6AF26C66-F59B-4AB3-A43F-64C073A0F477}.Debug|x86.ActiveCfg = Debug|Any CPU
		{6AF26C66-F59B-4AB3-A43F-64C073A0F477}.Debug|x86.Build.0 = Debug|Any CPU
		{6AF26C66-F59B-4AB3-A43F-64C073A0F477}.Release|Any CPU.ActiveCfg = Release|Any CPU
		{6AF26C66-F59B-4AB3-A43F-64C073A0F477}.Release|Any CPU.Build.0 = Release|Any CPU
		{6AF26C66-F59B-4AB3-A43F-64C073A0F477}.Release|x64.ActiveCfg = Release|Any CPU
		{6AF26C66-F59B-4AB3-A43F-64C073A0F477}.Release|x64.Build.0 = Release|Any CPU
		{6AF26C66-F59B-4AB3-A43F-64C073A0F477}.Release|x86.ActiveCfg = Release|Any CPU
		{6AF26C66-F59B-4AB3-A43F-64C073A0F477}.Release|x86.Build.0 = Release|Any CPU
		{01D575BE-4A1F-4719-9918-FC0993CF33E6}.Debug|Any CPU.ActiveCfg = Debug|Any CPU
		{01D575BE-4A1F-4719-9918-FC0993CF33E6}.Debug|Any CPU.Build.0 = Debug|Any CPU
		{01D575BE-4A1F-4719-9918-FC0993CF33E6}.Debug|x64.ActiveCfg = Debug|Any CPU
		{01D575BE-4A1F-4719-9918-FC0993CF33E6}.Debug|x64.Build.0 = Debug|Any CPU
		{01D575BE-4A1F-4719-9918-FC0993CF33E6}.Debug|x86.ActiveCfg = Debug|Any CPU
		{01D575BE-4A1F-4719-9918-FC0993CF33E6}.Debug|x86.Build.0 = Debug|Any CPU
		{01D575BE-4A1F-4719-9918-FC0993CF33E6}.Release|Any CPU.ActiveCfg = Release|Any CPU
		{01D575BE-4A1F-4719-9918-FC0993CF33E6}.Release|Any CPU.Build.0 = Release|Any CPU
		{01D575BE-4A1F-4719-9918-FC0993CF33E6}.Release|x64.ActiveCfg = Release|Any CPU
		{01D575BE-4A1F-4719-9918-FC0993CF33E6}.Release|x64.Build.0 = Release|Any CPU
		{01D575BE-4A1F-4719-9918-FC0993CF33E6}.Release|x86.ActiveCfg = Release|Any CPU
		{01D575BE-4A1F-4719-9918-FC0993CF33E6}.Release|x86.Build.0 = Release|Any CPU
		{EC6B0534-A88D-4CE5-BEB4-D8D4BABCB5F9}.Debug|Any CPU.ActiveCfg = Debug|Any CPU
		{EC6B0534-A88D-4CE5-BEB4-D8D4BABCB5F9}.Debug|Any CPU.Build.0 = Debug|Any CPU
		{EC6B0534-A88D-4CE5-BEB4-D8D4BABCB5F9}.Debug|x64.ActiveCfg = Debug|Any CPU
		{EC6B0534-A88D-4CE5-BEB4-D8D4BABCB5F9}.Debug|x64.Build.0 = Debug|Any CPU
		{EC6B0534-A88D-4CE5-BEB4-D8D4BABCB5F9}.Debug|x86.ActiveCfg = Debug|Any CPU
		{EC6B0534-A88D-4CE5-BEB4-D8D4BABCB5F9}.Debug|x86.Build.0 = Debug|Any CPU
		{EC6B0534-A88D-4CE5-BEB4-D8D4BABCB5F9}.Release|Any CPU.ActiveCfg = Release|Any CPU
		{EC6B0534-A88D-4CE5-BEB4-D8D4BABCB5F9}.Release|Any CPU.Build.0 = Release|Any CPU
		{EC6B0534-A88D-4CE5-BEB4-D8D4BABCB5F9}.Release|x64.ActiveCfg = Release|Any CPU
		{EC6B0534-A88D-4CE5-BEB4-D8D4BABCB5F9}.Release|x64.Build.0 = Release|Any CPU
		{EC6B0534-A88D-4CE5-BEB4-D8D4BABCB5F9}.Release|x86.ActiveCfg = Release|Any CPU
		{EC6B0534-A88D-4CE5-BEB4-D8D4BABCB5F9}.Release|x86.Build.0 = Release|Any CPU
		{49BBF607-70E5-4F07-A6F1-E09C98A77665}.Debug|Any CPU.ActiveCfg = Debug|Any CPU
		{49BBF607-70E5-4F07-A6F1-E09C98A77665}.Debug|Any CPU.Build.0 = Debug|Any CPU
		{49BBF607-70E5-4F07-A6F1-E09C98A77665}.Debug|x64.ActiveCfg = Debug|Any CPU
		{49BBF607-70E5-4F07-A6F1-E09C98A77665}.Debug|x64.Build.0 = Debug|Any CPU
		{49BBF607-70E5-4F07-A6F1-E09C98A77665}.Debug|x86.ActiveCfg = Debug|Any CPU
		{49BBF607-70E5-4F07-A6F1-E09C98A77665}.Debug|x86.Build.0 = Debug|Any CPU
		{49BBF607-70E5-4F07-A6F1-E09C98A77665}.Release|Any CPU.ActiveCfg = Release|Any CPU
		{49BBF607-70E5-4F07-A6F1-E09C98A77665}.Release|Any CPU.Build.0 = Release|Any CPU
		{49BBF607-70E5-4F07-A6F1-E09C98A77665}.Release|x64.ActiveCfg = Release|Any CPU
		{49BBF607-70E5-4F07-A6F1-E09C98A77665}.Release|x64.Build.0 = Release|Any CPU
		{49BBF607-70E5-4F07-A6F1-E09C98A77665}.Release|x86.ActiveCfg = Release|Any CPU
		{49BBF607-70E5-4F07-A6F1-E09C98A77665}.Release|x86.Build.0 = Release|Any CPU
		{043F4A5A-4FAF-426D-BD89-0BAFA519113E}.Debug|Any CPU.ActiveCfg = Debug|Any CPU
		{043F4A5A-4FAF-426D-BD89-0BAFA519113E}.Debug|Any CPU.Build.0 = Debug|Any CPU
		{043F4A5A-4FAF-426D-BD89-0BAFA519113E}.Debug|x64.ActiveCfg = Debug|Any CPU
		{043F4A5A-4FAF-426D-BD89-0BAFA519113E}.Debug|x64.Build.0 = Debug|Any CPU
		{043F4A5A-4FAF-426D-BD89-0BAFA519113E}.Debug|x86.ActiveCfg = Debug|Any CPU
		{043F4A5A-4FAF-426D-BD89-0BAFA519113E}.Debug|x86.Build.0 = Debug|Any CPU
		{043F4A5A-4FAF-426D-BD89-0BAFA519113E}.Release|Any CPU.ActiveCfg = Release|Any CPU
		{043F4A5A-4FAF-426D-BD89-0BAFA519113E}.Release|Any CPU.Build.0 = Release|Any CPU
		{043F4A5A-4FAF-426D-BD89-0BAFA519113E}.Release|x64.ActiveCfg = Release|Any CPU
		{043F4A5A-4FAF-426D-BD89-0BAFA519113E}.Release|x64.Build.0 = Release|Any CPU
		{043F4A5A-4FAF-426D-BD89-0BAFA519113E}.Release|x86.ActiveCfg = Release|Any CPU
		{043F4A5A-4FAF-426D-BD89-0BAFA519113E}.Release|x86.Build.0 = Release|Any CPU
		{C69ADD44-6605-4F0D-9748-17B526483621}.Debug|Any CPU.ActiveCfg = Debug|Any CPU
		{C69ADD44-6605-4F0D-9748-17B526483621}.Debug|Any CPU.Build.0 = Debug|Any CPU
		{C69ADD44-6605-4F0D-9748-17B526483621}.Debug|x64.ActiveCfg = Debug|Any CPU
		{C69ADD44-6605-4F0D-9748-17B526483621}.Debug|x64.Build.0 = Debug|Any CPU
		{C69ADD44-6605-4F0D-9748-17B526483621}.Debug|x86.ActiveCfg = Debug|Any CPU
		{C69ADD44-6605-4F0D-9748-17B526483621}.Debug|x86.Build.0 = Debug|Any CPU
		{C69ADD44-6605-4F0D-9748-17B526483621}.Release|Any CPU.ActiveCfg = Release|Any CPU
		{C69ADD44-6605-4F0D-9748-17B526483621}.Release|Any CPU.Build.0 = Release|Any CPU
		{C69ADD44-6605-4F0D-9748-17B526483621}.Release|x64.ActiveCfg = Release|Any CPU
		{C69ADD44-6605-4F0D-9748-17B526483621}.Release|x64.Build.0 = Release|Any CPU
		{C69ADD44-6605-4F0D-9748-17B526483621}.Release|x86.ActiveCfg = Release|Any CPU
		{C69ADD44-6605-4F0D-9748-17B526483621}.Release|x86.Build.0 = Release|Any CPU
		{2B938FD2-1A65-44EC-BFC5-7C825E3B670B}.Debug|Any CPU.ActiveCfg = Debug|Any CPU
		{2B938FD2-1A65-44EC-BFC5-7C825E3B670B}.Debug|Any CPU.Build.0 = Debug|Any CPU
		{2B938FD2-1A65-44EC-BFC5-7C825E3B670B}.Debug|x64.ActiveCfg = Debug|Any CPU
		{2B938FD2-1A65-44EC-BFC5-7C825E3B670B}.Debug|x64.Build.0 = Debug|Any CPU
		{2B938FD2-1A65-44EC-BFC5-7C825E3B670B}.Debug|x86.ActiveCfg = Debug|Any CPU
		{2B938FD2-1A65-44EC-BFC5-7C825E3B670B}.Debug|x86.Build.0 = Debug|Any CPU
		{2B938FD2-1A65-44EC-BFC5-7C825E3B670B}.Release|Any CPU.ActiveCfg = Release|Any CPU
		{2B938FD2-1A65-44EC-BFC5-7C825E3B670B}.Release|Any CPU.Build.0 = Release|Any CPU
		{2B938FD2-1A65-44EC-BFC5-7C825E3B670B}.Release|x64.ActiveCfg = Release|Any CPU
		{2B938FD2-1A65-44EC-BFC5-7C825E3B670B}.Release|x64.Build.0 = Release|Any CPU
		{2B938FD2-1A65-44EC-BFC5-7C825E3B670B}.Release|x86.ActiveCfg = Release|Any CPU
		{2B938FD2-1A65-44EC-BFC5-7C825E3B670B}.Release|x86.Build.0 = Release|Any CPU
		{DBFD0E9B-7750-4495-80CE-0385884B7646}.Debug|Any CPU.ActiveCfg = Debug|Any CPU
		{DBFD0E9B-7750-4495-80CE-0385884B7646}.Debug|Any CPU.Build.0 = Debug|Any CPU
		{DBFD0E9B-7750-4495-80CE-0385884B7646}.Debug|x64.ActiveCfg = Debug|Any CPU
		{DBFD0E9B-7750-4495-80CE-0385884B7646}.Debug|x64.Build.0 = Debug|Any CPU
		{DBFD0E9B-7750-4495-80CE-0385884B7646}.Debug|x86.ActiveCfg = Debug|Any CPU
		{DBFD0E9B-7750-4495-80CE-0385884B7646}.Debug|x86.Build.0 = Debug|Any CPU
		{DBFD0E9B-7750-4495-80CE-0385884B7646}.Release|Any CPU.ActiveCfg = Release|Any CPU
		{DBFD0E9B-7750-4495-80CE-0385884B7646}.Release|Any CPU.Build.0 = Release|Any CPU
		{DBFD0E9B-7750-4495-80CE-0385884B7646}.Release|x64.ActiveCfg = Release|Any CPU
		{DBFD0E9B-7750-4495-80CE-0385884B7646}.Release|x64.Build.0 = Release|Any CPU
		{DBFD0E9B-7750-4495-80CE-0385884B7646}.Release|x86.ActiveCfg = Release|Any CPU
		{DBFD0E9B-7750-4495-80CE-0385884B7646}.Release|x86.Build.0 = Release|Any CPU
		{D804A6EF-7B78-4FAB-9C51-940F0C05755A}.Debug|Any CPU.ActiveCfg = Debug|Any CPU
		{D804A6EF-7B78-4FAB-9C51-940F0C05755A}.Debug|Any CPU.Build.0 = Debug|Any CPU
		{D804A6EF-7B78-4FAB-9C51-940F0C05755A}.Debug|x64.ActiveCfg = Debug|Any CPU
		{D804A6EF-7B78-4FAB-9C51-940F0C05755A}.Debug|x64.Build.0 = Debug|Any CPU
		{D804A6EF-7B78-4FAB-9C51-940F0C05755A}.Debug|x86.ActiveCfg = Debug|Any CPU
		{D804A6EF-7B78-4FAB-9C51-940F0C05755A}.Debug|x86.Build.0 = Debug|Any CPU
		{D804A6EF-7B78-4FAB-9C51-940F0C05755A}.Release|Any CPU.ActiveCfg = Release|Any CPU
		{D804A6EF-7B78-4FAB-9C51-940F0C05755A}.Release|Any CPU.Build.0 = Release|Any CPU
		{D804A6EF-7B78-4FAB-9C51-940F0C05755A}.Release|x64.ActiveCfg = Release|Any CPU
		{D804A6EF-7B78-4FAB-9C51-940F0C05755A}.Release|x64.Build.0 = Release|Any CPU
		{D804A6EF-7B78-4FAB-9C51-940F0C05755A}.Release|x86.ActiveCfg = Release|Any CPU
		{D804A6EF-7B78-4FAB-9C51-940F0C05755A}.Release|x86.Build.0 = Release|Any CPU
		{A4A073E9-462A-4882-AEC0-FEEBC6FE0FA2}.Debug|Any CPU.ActiveCfg = Debug|Any CPU
		{A4A073E9-462A-4882-AEC0-FEEBC6FE0FA2}.Debug|Any CPU.Build.0 = Debug|Any CPU
		{A4A073E9-462A-4882-AEC0-FEEBC6FE0FA2}.Debug|x64.ActiveCfg = Debug|Any CPU
		{A4A073E9-462A-4882-AEC0-FEEBC6FE0FA2}.Debug|x64.Build.0 = Debug|Any CPU
		{A4A073E9-462A-4882-AEC0-FEEBC6FE0FA2}.Debug|x86.ActiveCfg = Debug|Any CPU
		{A4A073E9-462A-4882-AEC0-FEEBC6FE0FA2}.Debug|x86.Build.0 = Debug|Any CPU
		{A4A073E9-462A-4882-AEC0-FEEBC6FE0FA2}.Release|Any CPU.ActiveCfg = Release|Any CPU
		{A4A073E9-462A-4882-AEC0-FEEBC6FE0FA2}.Release|Any CPU.Build.0 = Release|Any CPU
		{A4A073E9-462A-4882-AEC0-FEEBC6FE0FA2}.Release|x64.ActiveCfg = Release|Any CPU
		{A4A073E9-462A-4882-AEC0-FEEBC6FE0FA2}.Release|x64.Build.0 = Release|Any CPU
		{A4A073E9-462A-4882-AEC0-FEEBC6FE0FA2}.Release|x86.ActiveCfg = Release|Any CPU
		{A4A073E9-462A-4882-AEC0-FEEBC6FE0FA2}.Release|x86.Build.0 = Release|Any CPU
		{EEDB50C3-BBA1-4A30-BDBE-5E91BF5555E9}.Debug|Any CPU.ActiveCfg = Debug|Any CPU
		{EEDB50C3-BBA1-4A30-BDBE-5E91BF5555E9}.Debug|Any CPU.Build.0 = Debug|Any CPU
		{EEDB50C3-BBA1-4A30-BDBE-5E91BF5555E9}.Debug|x64.ActiveCfg = Debug|Any CPU
		{EEDB50C3-BBA1-4A30-BDBE-5E91BF5555E9}.Debug|x64.Build.0 = Debug|Any CPU
		{EEDB50C3-BBA1-4A30-BDBE-5E91BF5555E9}.Debug|x86.ActiveCfg = Debug|Any CPU
		{EEDB50C3-BBA1-4A30-BDBE-5E91BF5555E9}.Debug|x86.Build.0 = Debug|Any CPU
		{EEDB50C3-BBA1-4A30-BDBE-5E91BF5555E9}.Release|Any CPU.ActiveCfg = Release|Any CPU
		{EEDB50C3-BBA1-4A30-BDBE-5E91BF5555E9}.Release|Any CPU.Build.0 = Release|Any CPU
		{EEDB50C3-BBA1-4A30-BDBE-5E91BF5555E9}.Release|x64.ActiveCfg = Release|Any CPU
		{EEDB50C3-BBA1-4A30-BDBE-5E91BF5555E9}.Release|x64.Build.0 = Release|Any CPU
		{EEDB50C3-BBA1-4A30-BDBE-5E91BF5555E9}.Release|x86.ActiveCfg = Release|Any CPU
		{EEDB50C3-BBA1-4A30-BDBE-5E91BF5555E9}.Release|x86.Build.0 = Release|Any CPU
	EndGlobalSection
	GlobalSection(SolutionProperties) = preSolution
		HideSolutionNode = FALSE
	EndGlobalSection
	GlobalSection(NestedProjects) = preSolution
		{52BF7FB6-37FF-5100-EFD1-124EFF302675} = {827E0CD3-B72D-47B6-A68D-7590B98EB39B}
		{59D2B2B4-DC17-4D5A-8B71-1C77D0B06610} = {52BF7FB6-37FF-5100-EFD1-124EFF302675}
		{6691A00D-A946-48F4-B3F8-E68F3C7F92BF} = {52BF7FB6-37FF-5100-EFD1-124EFF302675}
		{16ED7090-1086-464A-99B5-5BE1160FA13F} = {52BF7FB6-37FF-5100-EFD1-124EFF302675}
		{2656F3D6-6444-45DE-A82B-4DD294BC53EA} = {52BF7FB6-37FF-5100-EFD1-124EFF302675}
		{5CA0E50B-1D7B-4537-9367-8A70AC37F9D3} = {52BF7FB6-37FF-5100-EFD1-124EFF302675}
		{88C8C524-83B8-4092-B9A8-B65A8208C61E} = {52BF7FB6-37FF-5100-EFD1-124EFF302675}
		{B4444894-C988-4906-82BF-82F6A0B8F0E3} = {52BF7FB6-37FF-5100-EFD1-124EFF302675}
		{8A726F17-5F74-471C-ACEA-C684A1064574} = {52BF7FB6-37FF-5100-EFD1-124EFF302675}
		{6A3ACE8A-2971-4499-9E34-867537280D02} = {52BF7FB6-37FF-5100-EFD1-124EFF302675}
		{45A14C8E-11A5-4610-AF38-650249C3B290} = {52BF7FB6-37FF-5100-EFD1-124EFF302675}
		{E2972C50-A0C6-4361-8743-7752941521B4} = {52BF7FB6-37FF-5100-EFD1-124EFF302675}
		{FF7CB3DA-9066-4703-8A4E-FCAD8A1C5BDD} = {52BF7FB6-37FF-5100-EFD1-124EFF302675}
		{984BB9B3-3FA3-BE33-9484-CAC21695A33C} = {827E0CD3-B72D-47B6-A68D-7590B98EB39B}
		{B851199A-4979-E597-3D50-97AC5992BBAF} = {984BB9B3-3FA3-BE33-9484-CAC21695A33C}
		{10920817-C7F9-4E75-B139-FF706FCE3DF2} = {B851199A-4979-E597-3D50-97AC5992BBAF}
		{FAD6F0EE-395D-4FE3-A92B-CBEA3FAE4B23} = {B851199A-4979-E597-3D50-97AC5992BBAF}
		{83F831F3-2ACA-420F-A456-5F8FFD747E89} = {B851199A-4979-E597-3D50-97AC5992BBAF}
		{C9C9D6A5-DB5F-490F-84B6-7E0A94C57D41} = {B851199A-4979-E597-3D50-97AC5992BBAF}
		{82EB9B49-C40A-4AA9-A8BF-86F35FE5E71D} = {B851199A-4979-E597-3D50-97AC5992BBAF}
		{2FC58F99-D6D4-4882-A316-9C946F3E3EC4} = {B851199A-4979-E597-3D50-97AC5992BBAF}
		{35D0BAE1-1688-4FC6-8025-A3B98F071943} = {B851199A-4979-E597-3D50-97AC5992BBAF}
		{EEC38EE8-B109-44AA-8E57-F08F609A3037} = {B851199A-4979-E597-3D50-97AC5992BBAF}
		{1900316F-4D41-447F-AC5F-9E1D6DB52C47} = {B851199A-4979-E597-3D50-97AC5992BBAF}
		{6AF26C66-F59B-4AB3-A43F-64C073A0F477} = {B851199A-4979-E597-3D50-97AC5992BBAF}
		{01D575BE-4A1F-4719-9918-FC0993CF33E6} = {B851199A-4979-E597-3D50-97AC5992BBAF}
		{EC6B0534-A88D-4CE5-BEB4-D8D4BABCB5F9} = {B851199A-4979-E597-3D50-97AC5992BBAF}
		{49BBF607-70E5-4F07-A6F1-E09C98A77665} = {B851199A-4979-E597-3D50-97AC5992BBAF}
		{043F4A5A-4FAF-426D-BD89-0BAFA519113E} = {B851199A-4979-E597-3D50-97AC5992BBAF}
		{C69ADD44-6605-4F0D-9748-17B526483621} = {B851199A-4979-E597-3D50-97AC5992BBAF}
		{2B938FD2-1A65-44EC-BFC5-7C825E3B670B} = {B851199A-4979-E597-3D50-97AC5992BBAF}
		{DBFD0E9B-7750-4495-80CE-0385884B7646} = {B851199A-4979-E597-3D50-97AC5992BBAF}
		{D804A6EF-7B78-4FAB-9C51-940F0C05755A} = {B851199A-4979-E597-3D50-97AC5992BBAF}
		{A4A073E9-462A-4882-AEC0-FEEBC6FE0FA2} = {B851199A-4979-E597-3D50-97AC5992BBAF}
		{EEDB50C3-BBA1-4A30-BDBE-5E91BF5555E9} = {B851199A-4979-E597-3D50-97AC5992BBAF}
	EndGlobalSection
EndGlobal
