
Microsoft Visual Studio Solution File, Format Version 12.00
# Visual Studio Version 17
VisualStudioVersion = 17.0.31903.59
MinimumVisualStudioVersion = 10.0.40219.1
Project("{2150E333-8FDC-42A3-9474-1A3956D46DE8}") = "src", "src", "{1A487CD3-0A0C-41E1-B054-58CD2F345CE4}"
EndProject
Project("{FAE04EC0-301F-11D3-BF4B-00C04F79EFBC}") = "CrownCommerce.Cli.Env", "src\CrownCommerce.Cli.Env\CrownCommerce.Cli.Env.csproj", "{6F63AADA-074A-44A8-99F1-6AA859F771EF}"
EndProject
Project("{2150E333-8FDC-42A3-9474-1A3956D46DE8}") = "tests", "tests", "{1B42FF27-656C-40D4-8A4C-05E41C04501F}"
EndProject
Project("{FAE04EC0-301F-11D3-BF4B-00C04F79EFBC}") = "CrownCommerce.Cli.Env.Tests", "tests\CrownCommerce.Cli.Env.Tests\CrownCommerce.Cli.Env.Tests.csproj", "{6F342E52-C020-47E2-8C5D-A880AA38865B}"
EndProject
Global
	GlobalSection(SolutionConfigurationPlatforms) = preSolution
		Debug|Any CPU = Debug|Any CPU
		Release|Any CPU = Release|Any CPU
	EndGlobalSection
	GlobalSection(SolutionProperties) = preSolution
		HideSolutionNode = FALSE
	EndGlobalSection
	GlobalSection(ProjectConfigurationPlatforms) = postSolution
		{6F63AADA-074A-44A8-99F1-6AA859F771EF}.Debug|Any CPU.ActiveCfg = Debug|Any CPU
		{6F63AADA-074A-44A8-99F1-6AA859F771EF}.Debug|Any CPU.Build.0 = Debug|Any CPU
		{6F63AADA-074A-44A8-99F1-6AA859F771EF}.Release|Any CPU.ActiveCfg = Release|Any CPU
		{6F63AADA-074A-44A8-99F1-6AA859F771EF}.Release|Any CPU.Build.0 = Release|Any CPU
		{6F342E52-C020-47E2-8C5D-A880AA38865B}.Debug|Any CPU.ActiveCfg = Debug|Any CPU
		{6F342E52-C020-47E2-8C5D-A880AA38865B}.Debug|Any CPU.Build.0 = Debug|Any CPU
		{6F342E52-C020-47E2-8C5D-A880AA38865B}.Release|Any CPU.ActiveCfg = Release|Any CPU
		{6F342E52-C020-47E2-8C5D-A880AA38865B}.Release|Any CPU.Build.0 = Release|Any CPU
	EndGlobalSection
	GlobalSection(NestedProjects) = preSolution
		{6F63AADA-074A-44A8-99F1-6AA859F771EF} = {1A487CD3-0A0C-41E1-B054-58CD2F345CE4}
		{6F342E52-C020-47E2-8C5D-A880AA38865B} = {1B42FF27-656C-40D4-8A4C-05E41C04501F}
	EndGlobalSection
EndGlobal
